{
  "object": {
    "pins": [
      {
        "package": "IBMSwiftSDKCore",
        "repositoryURL": "https://github.com/IBM/swift-sdk-core",
        "state": {
          "branch": "feat/error-handling",
          "revision": "a692fa87730f51ec90c47680617b88e35892078e",
          "version": null
        }
      }
    ]
  },
  "version": 1
}
