{
  "object": {
    "pins": [
      {
        "package": "IBMWatsonRestKit",
        "repositoryURL": "https://github.com/watson-developer-cloud/restkit.git",
        "state": {
          "branch": "swift-sdk-1.0",
          "revision": "485f4ec21caea6a6f0aa3fe18a2d7715a1e27ded",
          "version": null
        }
      }
    ]
  },
  "version": 1
}
