// !$*UTF8*$!
{
	archiveVersion = 1;
	classes = {
	};
	objectVersion = 46;
	objects = {

/* Begin PBXBuildFile section */
		3127A22C1BCDAE7800DD4CFE /* ImageKeyWords.swift in Sources */ = {isa = PBXBuildFile; fileRef = 3127A22B1BCDAE7800DD4CFE /* ImageKeyWords.swift */; settings = {ASSET_TAGS = (); }; };
		3179E2431BC1EA4000174C5A /* AlchemyVision.h in Headers */ = {isa = PBXBuildFile; fileRef = 3179E2421BC1EA4000174C5A /* AlchemyVision.h */; settings = {ATTRIBUTES = (Public, ); }; };
		3179E24A1BC1EA4000174C5A /* AlchemyVision.framework in Frameworks */ = {isa = PBXBuildFile; fileRef = 3179E23F1BC1EA4000174C5A /* AlchemyVision.framework */; settings = {ASSET_TAGS = (); }; };
		3179E24F1BC1EA4000174C5A /* AlchemyVisionTests.swift in Sources */ = {isa = PBXBuildFile; fileRef = 3179E24E1BC1EA4000174C5A /* AlchemyVisionTests.swift */; };
		31BCE6041BC1EF4F00756343 /* ImageKeyWord.swift in Sources */ = {isa = PBXBuildFile; fileRef = 31BCE6001BC1EF4F00756343 /* ImageKeyWord.swift */; settings = {ASSET_TAGS = (); }; };
		31BCE60A1BC1EF6000756343 /* Vision.swift in Sources */ = {isa = PBXBuildFile; fileRef = 31BCE6081BC1EF6000756343 /* Vision.swift */; settings = {ASSET_TAGS = (); }; };
		BD308EB71BCF11070092763A /* Alamofire.framework in Frameworks */ = {isa = PBXBuildFile; fileRef = BD308EB41BCF11070092763A /* Alamofire.framework */; };
		BD308EB81BCF11070092763A /* SwiftyJSON.framework in Frameworks */ = {isa = PBXBuildFile; fileRef = BD308EB51BCF11070092763A /* SwiftyJSON.framework */; };
		BD308EB91BCF11080092763A /* XCGLogger.framework in Frameworks */ = {isa = PBXBuildFile; fileRef = BD308EB61BCF11070092763A /* XCGLogger.framework */; };
		BD308EBA1BCF111C0092763A /* Alamofire.framework in Copy Files */ = {isa = PBXBuildFile; fileRef = BD308EB41BCF11070092763A /* Alamofire.framework */; settings = {ATTRIBUTES = (CodeSignOnCopy, RemoveHeadersOnCopy, ); }; };
		BD308EBB1BCF111C0092763A /* SwiftyJSON.framework in Copy Files */ = {isa = PBXBuildFile; fileRef = BD308EB51BCF11070092763A /* SwiftyJSON.framework */; settings = {ATTRIBUTES = (CodeSignOnCopy, RemoveHeadersOnCopy, ); }; };
		BD308EBC1BCF111C0092763A /* XCGLogger.framework in Copy Files */ = {isa = PBXBuildFile; fileRef = BD308EB61BCF11070092763A /* XCGLogger.framework */; settings = {ATTRIBUTES = (CodeSignOnCopy, RemoveHeadersOnCopy, ); }; };
		BD308EC91BCF11A50092763A /* WatsonCore.framework in Frameworks */ = {isa = PBXBuildFile; fileRef = BD308EC81BCF11A50092763A /* WatsonCore.framework */; };
/* End PBXBuildFile section */

/* Begin PBXContainerItemProxy section */
		3179E24B1BC1EA4000174C5A /* PBXContainerItemProxy */ = {
			isa = PBXContainerItemProxy;
			containerPortal = 3179E2361BC1EA4000174C5A /* Project object */;
			proxyType = 1;
			remoteGlobalIDString = 3179E23E1BC1EA4000174C5A;
			remoteInfo = AlchemyVision;
		};
/* End PBXContainerItemProxy section */

/* Begin PBXCopyFilesBuildPhase section */
		BD308EB31BCF10460092763A /* Copy Files */ = {
			isa = PBXCopyFilesBuildPhase;
			buildActionMask = 2147483647;
			dstPath = "";
			dstSubfolderSpec = 10;
			files = (
				BD308EBA1BCF111C0092763A /* Alamofire.framework in Copy Files */,
				BD308EBB1BCF111C0092763A /* SwiftyJSON.framework in Copy Files */,
				BD308EBC1BCF111C0092763A /* XCGLogger.framework in Copy Files */,
			);
			name = "Copy Files";
			runOnlyForDeploymentPostprocessing = 0;
		};
/* End PBXCopyFilesBuildPhase section */

/* Begin PBXFileReference section */
		3127A22B1BCDAE7800DD4CFE /* ImageKeyWords.swift */ = {isa = PBXFileReference; fileEncoding = 4; lastKnownFileType = sourcecode.swift; path = ImageKeyWords.swift; sourceTree = "<group>"; };
		3179E23F1BC1EA4000174C5A /* AlchemyVision.framework */ = {isa = PBXFileReference; explicitFileType = wrapper.framework; includeInIndex = 0; path = AlchemyVision.framework; sourceTree = BUILT_PRODUCTS_DIR; };
		3179E2421BC1EA4000174C5A /* AlchemyVision.h */ = {isa = PBXFileReference; lastKnownFileType = sourcecode.c.h; path = AlchemyVision.h; sourceTree = "<group>"; };
		3179E2441BC1EA4000174C5A /* Info.plist */ = {isa = PBXFileReference; lastKnownFileType = text.plist.xml; path = Info.plist; sourceTree = "<group>"; };
		3179E2491BC1EA4000174C5A /* AlchemyVisionTests.xctest */ = {isa = PBXFileReference; explicitFileType = wrapper.cfbundle; includeInIndex = 0; path = AlchemyVisionTests.xctest; sourceTree = BUILT_PRODUCTS_DIR; };
		3179E24E1BC1EA4000174C5A /* AlchemyVisionTests.swift */ = {isa = PBXFileReference; lastKnownFileType = sourcecode.swift; path = AlchemyVisionTests.swift; sourceTree = "<group>"; };
		3179E2501BC1EA4000174C5A /* Info.plist */ = {isa = PBXFileReference; lastKnownFileType = text.plist.xml; path = Info.plist; sourceTree = "<group>"; };
		31BCE6001BC1EF4F00756343 /* ImageKeyWord.swift */ = {isa = PBXFileReference; fileEncoding = 4; lastKnownFileType = sourcecode.swift; path = ImageKeyWord.swift; sourceTree = "<group>"; };
		31BCE6081BC1EF6000756343 /* Vision.swift */ = {isa = PBXFileReference; fileEncoding = 4; lastKnownFileType = sourcecode.swift; path = Vision.swift; sourceTree = "<group>"; };
		BD308EB41BCF11070092763A /* Alamofire.framework */ = {isa = PBXFileReference; lastKnownFileType = wrapper.framework; name = Alamofire.framework; path = ../Frameworks/Alamofire.framework; sourceTree = "<group>"; };
		BD308EB51BCF11070092763A /* SwiftyJSON.framework */ = {isa = PBXFileReference; lastKnownFileType = wrapper.framework; name = SwiftyJSON.framework; path = ../Frameworks/SwiftyJSON.framework; sourceTree = "<group>"; };
		BD308EB61BCF11070092763A /* XCGLogger.framework */ = {isa = PBXFileReference; lastKnownFileType = wrapper.framework; name = XCGLogger.framework; path = ../Frameworks/XCGLogger.framework; sourceTree = "<group>"; };
		BD308EC81BCF11A50092763A /* WatsonCore.framework */ = {isa = PBXFileReference; lastKnownFileType = wrapper.framework; name = WatsonCore.framework; path = "../WatsonCore/build/Debug-iphoneos/WatsonCore.framework"; sourceTree = "<group>"; };
/* End PBXFileReference section */

/* Begin PBXFrameworksBuildPhase section */
		3179E23B1BC1EA4000174C5A /* Frameworks */ = {
			isa = PBXFrameworksBuildPhase;
			buildActionMask = 2147483647;
			files = (
				BD308EB71BCF11070092763A /* Alamofire.framework in Frameworks */,
				BD308EB81BCF11070092763A /* SwiftyJSON.framework in Frameworks */,
				BD308EB91BCF11080092763A /* XCGLogger.framework in Frameworks */,
				BD308EC91BCF11A50092763A /* WatsonCore.framework in Frameworks */,
			);
			runOnlyForDeploymentPostprocessing = 0;
		};
		3179E2461BC1EA4000174C5A /* Frameworks */ = {
			isa = PBXFrameworksBuildPhase;
			buildActionMask = 2147483647;
			files = (
				3179E24A1BC1EA4000174C5A /* AlchemyVision.framework in Frameworks */,
			);
			runOnlyForDeploymentPostprocessing = 0;
		};
/* End PBXFrameworksBuildPhase section */

/* Begin PBXGroup section */
		3179E2351BC1EA4000174C5A = {
			isa = PBXGroup;
			children = (
				BD308EC81BCF11A50092763A /* WatsonCore.framework */,
				BD308EB41BCF11070092763A /* Alamofire.framework */,
				BD308EB51BCF11070092763A /* SwiftyJSON.framework */,
				BD308EB61BCF11070092763A /* XCGLogger.framework */,
				3179E2411BC1EA4000174C5A /* AlchemyVision */,
				3179E24D1BC1EA4000174C5A /* AlchemyVisionTests */,
				3179E2401BC1EA4000174C5A /* Products */,
			);
			sourceTree = "<group>";
		};
		3179E2401BC1EA4000174C5A /* Products */ = {
			isa = PBXGroup;
			children = (
				3179E23F1BC1EA4000174C5A /* AlchemyVision.framework */,
				3179E2491BC1EA4000174C5A /* AlchemyVisionTests.xctest */,
			);
			name = Products;
			sourceTree = "<group>";
		};
		3179E2411BC1EA4000174C5A /* AlchemyVision */ = {
			isa = PBXGroup;
			children = (
				31BCE5F91BC1EF4400756343 /* Helpers */,
				3179E2421BC1EA4000174C5A /* AlchemyVision.h */,
				31BCE5FE1BC1EF4F00756343 /* Models */,
				3179E2441BC1EA4000174C5A /* Info.plist */,
				31BCE6081BC1EF6000756343 /* Vision.swift */,
			);
			path = AlchemyVision;
			sourceTree = "<group>";
		};
		3179E24D1BC1EA4000174C5A /* AlchemyVisionTests */ = {
			isa = PBXGroup;
			children = (
				3179E24E1BC1EA4000174C5A /* AlchemyVisionTests.swift */,
				3179E2501BC1EA4000174C5A /* Info.plist */,
			);
			path = AlchemyVisionTests;
			sourceTree = "<group>";
		};
		31BCE5F91BC1EF4400756343 /* Helpers */ = {
			isa = PBXGroup;
			children = (
			);
			path = Helpers;
			sourceTree = "<group>";
		};
		31BCE5FE1BC1EF4F00756343 /* Models */ = {
			isa = PBXGroup;
			children = (
				31BCE6001BC1EF4F00756343 /* ImageKeyWord.swift */,
				3127A22B1BCDAE7800DD4CFE /* ImageKeyWords.swift */,
			);
			path = Models;
			sourceTree = "<group>";
		};
/* End PBXGroup section */

/* Begin PBXHeadersBuildPhase section */
		3179E23C1BC1EA4000174C5A /* Headers */ = {
			isa = PBXHeadersBuildPhase;
			buildActionMask = 2147483647;
			files = (
				3179E2431BC1EA4000174C5A /* AlchemyVision.h in Headers */,
			);
			runOnlyForDeploymentPostprocessing = 0;
		};
/* End PBXHeadersBuildPhase section */

/* Begin PBXNativeTarget section */
		3179E23E1BC1EA4000174C5A /* AlchemyVision */ = {
			isa = PBXNativeTarget;
			buildConfigurationList = 3179E2531BC1EA4000174C5A /* Build configuration list for PBXNativeTarget "AlchemyVision" */;
			buildPhases = (
				3179E23A1BC1EA4000174C5A /* Sources */,
				3179E23B1BC1EA4000174C5A /* Frameworks */,
				3179E23C1BC1EA4000174C5A /* Headers */,
				3179E23D1BC1EA4000174C5A /* Resources */,
				BD308EB31BCF10460092763A /* Copy Files */,
			);
			buildRules = (
			);
			dependencies = (
			);
			name = AlchemyVision;
			productName = AlchemyVision;
			productReference = 3179E23F1BC1EA4000174C5A /* AlchemyVision.framework */;
			productType = "com.apple.product-type.framework";
		};
		3179E2481BC1EA4000174C5A /* AlchemyVisionTests */ = {
			isa = PBXNativeTarget;
			buildConfigurationList = 3179E2561BC1EA4000174C5A /* Build configuration list for PBXNativeTarget "AlchemyVisionTests" */;
			buildPhases = (
				3179E2451BC1EA4000174C5A /* Sources */,
				3179E2461BC1EA4000174C5A /* Frameworks */,
				3179E2471BC1EA4000174C5A /* Resources */,
			);
			buildRules = (
			);
			dependencies = (
				3179E24C1BC1EA4000174C5A /* PBXTargetDependency */,
			);
			name = AlchemyVisionTests;
			productName = AlchemyVisionTests;
			productReference = 3179E2491BC1EA4000174C5A /* AlchemyVisionTests.xctest */;
			productType = "com.apple.product-type.bundle.unit-test";
		};
/* End PBXNativeTarget section */

/* Begin PBXProject section */
		3179E2361BC1EA4000174C5A /* Project object */ = {
			isa = PBXProject;
			attributes = {
				LastUpgradeCheck = 0700;
				ORGANIZATIONNAME = MIL;
				TargetAttributes = {
					3179E23E1BC1EA4000174C5A = {
						CreatedOnToolsVersion = 7.0;
					};
					3179E2481BC1EA4000174C5A = {
						CreatedOnToolsVersion = 7.0;
					};
				};
			};
			buildConfigurationList = 3179E2391BC1EA4000174C5A /* Build configuration list for PBXProject "AlchemyVision" */;
			compatibilityVersion = "Xcode 3.2";
			developmentRegion = English;
			hasScannedForEncodings = 0;
			knownRegions = (
				en,
			);
			mainGroup = 3179E2351BC1EA4000174C5A;
			productRefGroup = 3179E2401BC1EA4000174C5A /* Products */;
			projectDirPath = "";
			projectRoot = "";
			targets = (
				3179E23E1BC1EA4000174C5A /* AlchemyVision */,
				3179E2481BC1EA4000174C5A /* AlchemyVisionTests */,
			);
		};
/* End PBXProject section */

/* Begin PBXResourcesBuildPhase section */
		3179E23D1BC1EA4000174C5A /* Resources */ = {
			isa = PBXResourcesBuildPhase;
			buildActionMask = 2147483647;
			files = (
			);
			runOnlyForDeploymentPostprocessing = 0;
		};
		3179E2471BC1EA4000174C5A /* Resources */ = {
			isa = PBXResourcesBuildPhase;
			buildActionMask = 2147483647;
			files = (
			);
			runOnlyForDeploymentPostprocessing = 0;
		};
/* End PBXResourcesBuildPhase section */

/* Begin PBXSourcesBuildPhase section */
		3179E23A1BC1EA4000174C5A /* Sources */ = {
			isa = PBXSourcesBuildPhase;
			buildActionMask = 2147483647;
			files = (
				31BCE6041BC1EF4F00756343 /* ImageKeyWord.swift in Sources */,
				31BCE60A1BC1EF6000756343 /* Vision.swift in Sources */,
				3127A22C1BCDAE7800DD4CFE /* ImageKeyWords.swift in Sources */,
			);
			runOnlyForDeploymentPostprocessing = 0;
		};
		3179E2451BC1EA4000174C5A /* Sources */ = {
			isa = PBXSourcesBuildPhase;
			buildActionMask = 2147483647;
			files = (
				3179E24F1BC1EA4000174C5A /* AlchemyVisionTests.swift in Sources */,
			);
			runOnlyForDeploymentPostprocessing = 0;
		};
/* End PBXSourcesBuildPhase section */

/* Begin PBXTargetDependency section */
		3179E24C1BC1EA4000174C5A /* PBXTargetDependency */ = {
			isa = PBXTargetDependency;
			target = 3179E23E1BC1EA4000174C5A /* AlchemyVision */;
			targetProxy = 3179E24B1BC1EA4000174C5A /* PBXContainerItemProxy */;
		};
/* End PBXTargetDependency section */

/* Begin XCBuildConfiguration section */
		3179E2511BC1EA4000174C5A /* Debug */ = {
			isa = XCBuildConfiguration;
			buildSettings = {
				ALWAYS_SEARCH_USER_PATHS = NO;
				CLANG_CXX_LANGUAGE_STANDARD = "gnu++0x";
				CLANG_CXX_LIBRARY = "libc++";
				CLANG_ENABLE_MODULES = YES;
				CLANG_ENABLE_OBJC_ARC = YES;
				CLANG_WARN_BOOL_CONVERSION = YES;
				CLANG_WARN_CONSTANT_CONVERSION = YES;
				CLANG_WARN_DIRECT_OBJC_ISA_USAGE = YES_ERROR;
				CLANG_WARN_EMPTY_BODY = YES;
				CLANG_WARN_ENUM_CONVERSION = YES;
				CLANG_WARN_INT_CONVERSION = YES;
				CLANG_WARN_OBJC_ROOT_CLASS = YES_ERROR;
				CLANG_WARN_UNREACHABLE_CODE = YES;
				CLANG_WARN__DUPLICATE_METHOD_MATCH = YES;
				"CODE_SIGN_IDENTITY[sdk=iphoneos*]" = "iPhone Developer";
				COPY_PHASE_STRIP = NO;
				CURRENT_PROJECT_VERSION = 1;
				DEBUG_INFORMATION_FORMAT = dwarf;
				ENABLE_STRICT_OBJC_MSGSEND = YES;
				ENABLE_TESTABILITY = YES;
				GCC_C_LANGUAGE_STANDARD = gnu99;
				GCC_DYNAMIC_NO_PIC = NO;
				GCC_NO_COMMON_BLOCKS = YES;
				GCC_OPTIMIZATION_LEVEL = 0;
				GCC_PREPROCESSOR_DEFINITIONS = (
					"DEBUG=1",
					"$(inherited)",
				);
				GCC_WARN_64_TO_32_BIT_CONVERSION = YES;
				GCC_WARN_ABOUT_RETURN_TYPE = YES_ERROR;
				GCC_WARN_UNDECLARED_SELECTOR = YES;
				GCC_WARN_UNINITIALIZED_AUTOS = YES_AGGRESSIVE;
				GCC_WARN_UNUSED_FUNCTION = YES;
				GCC_WARN_UNUSED_VARIABLE = YES;
				IPHONEOS_DEPLOYMENT_TARGET = 9.0;
				MTL_ENABLE_DEBUG_INFO = YES;
				ONLY_ACTIVE_ARCH = YES;
				SDKROOT = iphoneos;
				SWIFT_OPTIMIZATION_LEVEL = "-Onone";
				TARGETED_DEVICE_FAMILY = "1,2";
				VERSIONING_SYSTEM = "apple-generic";
				VERSION_INFO_PREFIX = "";
			};
			name = Debug;
		};
		3179E2521BC1EA4000174C5A /* Release */ = {
			isa = XCBuildConfiguration;
			buildSettings = {
				ALWAYS_SEARCH_USER_PATHS = NO;
				CLANG_CXX_LANGUAGE_STANDARD = "gnu++0x";
				CLANG_CXX_LIBRARY = "libc++";
				CLANG_ENABLE_MODULES = YES;
				CLANG_ENABLE_OBJC_ARC = YES;
				CLANG_WARN_BOOL_CONVERSION = YES;
				CLANG_WARN_CONSTANT_CONVERSION = YES;
				CLANG_WARN_DIRECT_OBJC_ISA_USAGE = YES_ERROR;
				CLANG_WARN_EMPTY_BODY = YES;
				CLANG_WARN_ENUM_CONVERSION = YES;
				CLANG_WARN_INT_CONVERSION = YES;
				CLANG_WARN_OBJC_ROOT_CLASS = YES_ERROR;
				CLANG_WARN_UNREACHABLE_CODE = YES;
				CLANG_WARN__DUPLICATE_METHOD_MATCH = YES;
				"CODE_SIGN_IDENTITY[sdk=iphoneos*]" = "iPhone Developer";
				COPY_PHASE_STRIP = NO;
				CURRENT_PROJECT_VERSION = 1;
				DEBUG_INFORMATION_FORMAT = "dwarf-with-dsym";
				ENABLE_NS_ASSERTIONS = NO;
				ENABLE_STRICT_OBJC_MSGSEND = YES;
				GCC_C_LANGUAGE_STANDARD = gnu99;
				GCC_NO_COMMON_BLOCKS = YES;
				GCC_WARN_64_TO_32_BIT_CONVERSION = YES;
				GCC_WARN_ABOUT_RETURN_TYPE = YES_ERROR;
				GCC_WARN_UNDECLARED_SELECTOR = YES;
				GCC_WARN_UNINITIALIZED_AUTOS = YES_AGGRESSIVE;
				GCC_WARN_UNUSED_FUNCTION = YES;
				GCC_WARN_UNUSED_VARIABLE = YES;
				IPHONEOS_DEPLOYMENT_TARGET = 9.0;
				MTL_ENABLE_DEBUG_INFO = NO;
				SDKROOT = iphoneos;
				TARGETED_DEVICE_FAMILY = "1,2";
				VALIDATE_PRODUCT = YES;
				VERSIONING_SYSTEM = "apple-generic";
				VERSION_INFO_PREFIX = "";
			};
			name = Release;
		};
		3179E2541BC1EA4000174C5A /* Debug */ = {
			isa = XCBuildConfiguration;
			buildSettings = {
				DEFINES_MODULE = YES;
				DYLIB_COMPATIBILITY_VERSION = 1;
				DYLIB_CURRENT_VERSION = 1;
				DYLIB_INSTALL_NAME_BASE = "@rpath";
				FRAMEWORK_SEARCH_PATHS = "$(PROJECT_DIR)/../Frameworks";
				INFOPLIST_FILE = AlchemyVision/Info.plist;
				INSTALL_PATH = "$(LOCAL_LIBRARY_DIR)/Frameworks";
				LD_RUNPATH_SEARCH_PATHS = "$(inherited) @executable_path/Frameworks @loader_path/Frameworks";
				OTHER_SWIFT_FLAGS = "-DDEBUG";
				PRODUCT_BUNDLE_IDENTIFIER = com.ibm.mil.AlchemyVision;
				PRODUCT_NAME = "$(TARGET_NAME)";
				SKIP_INSTALL = YES;
			};
			name = Debug;
		};
		3179E2551BC1EA4000174C5A /* Release */ = {
			isa = XCBuildConfiguration;
			buildSettings = {
				DEFINES_MODULE = YES;
				DYLIB_COMPATIBILITY_VERSION = 1;
				DYLIB_CURRENT_VERSION = 1;
				DYLIB_INSTALL_NAME_BASE = "@rpath";
				FRAMEWORK_SEARCH_PATHS = "$(PROJECT_DIR)/../Frameworks";
				INFOPLIST_FILE = AlchemyVision/Info.plist;
				INSTALL_PATH = "$(LOCAL_LIBRARY_DIR)/Frameworks";
				LD_RUNPATH_SEARCH_PATHS = "$(inherited) @executable_path/Frameworks @loader_path/Frameworks";
				PRODUCT_BUNDLE_IDENTIFIER = com.ibm.mil.AlchemyVision;
				PRODUCT_NAME = "$(TARGET_NAME)";
				SKIP_INSTALL = YES;
			};
			name = Release;
		};
		3179E2571BC1EA4000174C5A /* Debug */ = {
			isa = XCBuildConfiguration;
			buildSettings = {
				INFOPLIST_FILE = AlchemyVisionTests/Info.plist;
				LD_RUNPATH_SEARCH_PATHS = "$(inherited) @executable_path/Frameworks @loader_path/Frameworks";
				PRODUCT_BUNDLE_IDENTIFIER = com.ibm.mil.AlchemyVisionTests;
				PRODUCT_NAME = "$(TARGET_NAME)";
			};
			name = Debug;
		};
		3179E2581BC1EA4000174C5A /* Release */ = {
			isa = XCBuildConfiguration;
			buildSettings = {
				INFOPLIST_FILE = AlchemyVisionTests/Info.plist;
				LD_RUNPATH_SEARCH_PATHS = "$(inherited) @executable_path/Frameworks @loader_path/Frameworks";
				PRODUCT_BUNDLE_IDENTIFIER = com.ibm.mil.AlchemyVisionTests;
				PRODUCT_NAME = "$(TARGET_NAME)";
			};
			name = Release;
		};
/* End XCBuildConfiguration section */

/* Begin XCConfigurationList section */
		3179E2391BC1EA4000174C5A /* Build configuration list for PBXProject "AlchemyVision" */ = {
			isa = XCConfigurationList;
			buildConfigurations = (
				3179E2511BC1EA4000174C5A /* Debug */,
				3179E2521BC1EA4000174C5A /* Release */,
			);
			defaultConfigurationIsVisible = 0;
			defaultConfigurationName = Release;
		};
		3179E2531BC1EA4000174C5A /* Build configuration list for PBXNativeTarget "AlchemyVision" */ = {
			isa = XCConfigurationList;
			buildConfigurations = (
				3179E2541BC1EA4000174C5A /* Debug */,
				3179E2551BC1EA4000174C5A /* Release */,
			);
			defaultConfigurationIsVisible = 0;
			defaultConfigurationName = Release;
		};
		3179E2561BC1EA4000174C5A /* Build configuration list for PBXNativeTarget "AlchemyVisionTests" */ = {
			isa = XCConfigurationList;
			buildConfigurations = (
				3179E2571BC1EA4000174C5A /* Debug */,
				3179E2581BC1EA4000174C5A /* Release */,
			);
			defaultConfigurationIsVisible = 0;
			defaultConfigurationName = Release;
		};
/* End XCConfigurationList section */
	};
	rootObject = 3179E2361BC1EA4000174C5A /* Project object */;
}
