// !$*UTF8*$!
{
	archiveVersion = 1;
	classes = {
	};
	objectVersion = 46;
	objects = {

/* Begin PBXBuildFile section */
		6EDC62CF1C0DFAFD00AEB5C9 /* AppDelegate.swift in Sources */ = {isa = PBXBuildFile; fileRef = 6EDC62CE1C0DFAFD00AEB5C9 /* AppDelegate.swift */; };
		6EDC62D11C0DFAFD00AEB5C9 /* ViewController.swift in Sources */ = {isa = PBXBuildFile; fileRef = 6EDC62D01C0DFAFD00AEB5C9 /* ViewController.swift */; };
		6EDC62D41C0DFAFD00AEB5C9 /* Main.storyboard in Resources */ = {isa = PBXBuildFile; fileRef = 6EDC62D21C0DFAFD00AEB5C9 /* Main.storyboard */; };
		6EDC62D61C0DFAFD00AEB5C9 /* Assets.xcassets in Resources */ = {isa = PBXBuildFile; fileRef = 6EDC62D51C0DFAFD00AEB5C9 /* Assets.xcassets */; };
		6EDC62D91C0DFAFD00AEB5C9 /* LaunchScreen.storyboard in Resources */ = {isa = PBXBuildFile; fileRef = 6EDC62D71C0DFAFD00AEB5C9 /* LaunchScreen.storyboard */; };
/* End PBXBuildFile section */

/* Begin PBXFileReference section */
		6EDC62CB1C0DFAFD00AEB5C9 /* AlchemyLanguageSampleApp.app */ = {isa = PBXFileReference; explicitFileType = wrapper.application; includeInIndex = 0; path = AlchemyLanguageSampleApp.app; sourceTree = BUILT_PRODUCTS_DIR; };
		6EDC62CE1C0DFAFD00AEB5C9 /* AppDelegate.swift */ = {isa = PBXFileReference; lastKnownFileType = sourcecode.swift; path = AppDelegate.swift; sourceTree = "<group>"; };
		6EDC62D01C0DFAFD00AEB5C9 /* ViewController.swift */ = {isa = PBXFileReference; lastKnownFileType = sourcecode.swift; path = ViewController.swift; sourceTree = "<group>"; };
		6EDC62D31C0DFAFD00AEB5C9 /* Base */ = {isa = PBXFileReference; lastKnownFileType = file.storyboard; name = Base; path = Base.lproj/Main.storyboard; sourceTree = "<group>"; };
		6EDC62D51C0DFAFD00AEB5C9 /* Assets.xcassets */ = {isa = PBXFileReference; lastKnownFileType = folder.assetcatalog; path = Assets.xcassets; sourceTree = "<group>"; };
		6EDC62D81C0DFAFD00AEB5C9 /* Base */ = {isa = PBXFileReference; lastKnownFileType = file.storyboard; name = Base; path = Base.lproj/LaunchScreen.storyboard; sourceTree = "<group>"; };
		6EDC62DA1C0DFAFD00AEB5C9 /* Info.plist */ = {isa = PBXFileReference; lastKnownFileType = text.plist.xml; path = Info.plist; sourceTree = "<group>"; };
/* End PBXFileReference section */

/* Begin PBXFrameworksBuildPhase section */
		6EDC62C81C0DFAFD00AEB5C9 /* Frameworks */ = {
			isa = PBXFrameworksBuildPhase;
			buildActionMask = 2147483647;
			files = (
			);
			runOnlyForDeploymentPostprocessing = 0;
		};
/* End PBXFrameworksBuildPhase section */

/* Begin PBXGroup section */
		6EDC62C21C0DFAFD00AEB5C9 = {
			isa = PBXGroup;
			children = (
				6EDC62CD1C0DFAFD00AEB5C9 /* AlchemyLanguageSampleApp */,
				6EDC62CC1C0DFAFD00AEB5C9 /* Products */,
			);
			sourceTree = "<group>";
		};
		6EDC62CC1C0DFAFD00AEB5C9 /* Products */ = {
			isa = PBXGroup;
			children = (
				6EDC62CB1C0DFAFD00AEB5C9 /* AlchemyLanguageSampleApp.app */,
			);
			name = Products;
			sourceTree = "<group>";
		};
		6EDC62CD1C0DFAFD00AEB5C9 /* AlchemyLanguageSampleApp */ = {
			isa = PBXGroup;
			children = (
				6EDC62CE1C0DFAFD00AEB5C9 /* AppDelegate.swift */,
				6EDC62D01C0DFAFD00AEB5C9 /* ViewController.swift */,
				6EDC62D21C0DFAFD00AEB5C9 /* Main.storyboard */,
				6EDC62D51C0DFAFD00AEB5C9 /* Assets.xcassets */,
				6EDC62D71C0DFAFD00AEB5C9 /* LaunchScreen.storyboard */,
				6EDC62DA1C0DFAFD00AEB5C9 /* Info.plist */,
			);
			path = AlchemyLanguageSampleApp;
			sourceTree = "<group>";
		};
/* End PBXGroup section */

/* Begin PBXNativeTarget section */
		6EDC62CA1C0DFAFD00AEB5C9 /* AlchemyLanguageSampleApp */ = {
			isa = PBXNativeTarget;
			buildConfigurationList = 6EDC62DD1C0DFAFD00AEB5C9 /* Build configuration list for PBXNativeTarget "AlchemyLanguageSampleApp" */;
			buildPhases = (
				6EDC62C71C0DFAFD00AEB5C9 /* Sources */,
				6EDC62C81C0DFAFD00AEB5C9 /* Frameworks */,
				6EDC62C91C0DFAFD00AEB5C9 /* Resources */,
			);
			buildRules = (
			);
			dependencies = (
			);
			name = AlchemyLanguageSampleApp;
			productName = AlchemyLanguageSampleApp;
			productReference = 6EDC62CB1C0DFAFD00AEB5C9 /* AlchemyLanguageSampleApp.app */;
			productType = "com.apple.product-type.application";
		};
/* End PBXNativeTarget section */

/* Begin PBXProject section */
		6EDC62C31C0DFAFD00AEB5C9 /* Project object */ = {
			isa = PBXProject;
			attributes = {
				LastSwiftUpdateCheck = 0710;
				LastUpgradeCheck = 0710;
				ORGANIZATIONNAME = ibm.mil;
				TargetAttributes = {
					6EDC62CA1C0DFAFD00AEB5C9 = {
						CreatedOnToolsVersion = 7.1;
						DevelopmentTeam = PF8FZC9FJZ;
					};
				};
			};
			buildConfigurationList = 6EDC62C61C0DFAFD00AEB5C9 /* Build configuration list for PBXProject "AlchemyLanguageSampleApp" */;
			compatibilityVersion = "Xcode 3.2";
			developmentRegion = English;
			hasScannedForEncodings = 0;
			knownRegions = (
				en,
				Base,
			);
			mainGroup = 6EDC62C21C0DFAFD00AEB5C9;
			productRefGroup = 6EDC62CC1C0DFAFD00AEB5C9 /* Products */;
			projectDirPath = "";
			projectRoot = "";
			targets = (
				6EDC62CA1C0DFAFD00AEB5C9 /* AlchemyLanguageSampleApp */,
			);
		};
/* End PBXProject section */

/* Begin PBXResourcesBuildPhase section */
		6EDC62C91C0DFAFD00AEB5C9 /* Resources */ = {
			isa = PBXResourcesBuildPhase;
			buildActionMask = 2147483647;
			files = (
				6EDC62D91C0DFAFD00AEB5C9 /* LaunchScreen.storyboard in Resources */,
				6EDC62D61C0DFAFD00AEB5C9 /* Assets.xcassets in Resources */,
				6EDC62D41C0DFAFD00AEB5C9 /* Main.storyboard in Resources */,
			);
			runOnlyForDeploymentPostprocessing = 0;
		};
/* End PBXResourcesBuildPhase section */

/* Begin PBXSourcesBuildPhase section */
		6EDC62C71C0DFAFD00AEB5C9 /* Sources */ = {
			isa = PBXSourcesBuildPhase;
			buildActionMask = 2147483647;
			files = (
				6EDC62D11C0DFAFD00AEB5C9 /* ViewController.swift in Sources */,
				6EDC62CF1C0DFAFD00AEB5C9 /* AppDelegate.swift in Sources */,
			);
			runOnlyForDeploymentPostprocessing = 0;
		};
/* End PBXSourcesBuildPhase section */

/* Begin PBXVariantGroup section */
		6EDC62D21C0DFAFD00AEB5C9 /* Main.storyboard */ = {
			isa = PBXVariantGroup;
			children = (
				6EDC62D31C0DFAFD00AEB5C9 /* Base */,
			);
			name = Main.storyboard;
			sourceTree = "<group>";
		};
		6EDC62D71C0DFAFD00AEB5C9 /* LaunchScreen.storyboard */ = {
			isa = PBXVariantGroup;
			children = (
				6EDC62D81C0DFAFD00AEB5C9 /* Base */,
			);
			name = LaunchScreen.storyboard;
			sourceTree = "<group>";
		};
/* End PBXVariantGroup section */

/* Begin XCBuildConfiguration section */
		6EDC62DB1C0DFAFD00AEB5C9 /* Debug */ = {
			isa = XCBuildConfiguration;
			buildSettings = {
				ALWAYS_SEARCH_USER_PATHS = NO;
				CLANG_CXX_LANGUAGE_STANDARD = "gnu++0x";
				CLANG_CXX_LIBRARY = "libc++";
				CLANG_ENABLE_MODULES = YES;
				CLANG_ENABLE_OBJC_ARC = YES;
				CLANG_WARN_BOOL_CONVERSION = YES;
				CLANG_WARN_CONSTANT_CONVERSION = YES;
				CLANG_WARN_DIRECT_OBJC_ISA_USAGE = YES_ERROR;
				CLANG_WARN_EMPTY_BODY = YES;
				CLANG_WARN_ENUM_CONVERSION = YES;
				CLANG_WARN_INT_CONVERSION = YES;
				CLANG_WARN_OBJC_ROOT_CLASS = YES_ERROR;
				CLANG_WARN_UNREACHABLE_CODE = YES;
				CLANG_WARN__DUPLICATE_METHOD_MATCH = YES;
				"CODE_SIGN_IDENTITY[sdk=iphoneos*]" = "iPhone Developer";
				COPY_PHASE_STRIP = NO;
				DEBUG_INFORMATION_FORMAT = dwarf;
				ENABLE_STRICT_OBJC_MSGSEND = YES;
				ENABLE_TESTABILITY = YES;
				GCC_C_LANGUAGE_STANDARD = gnu99;
				GCC_DYNAMIC_NO_PIC = NO;
				GCC_NO_COMMON_BLOCKS = YES;
				GCC_OPTIMIZATION_LEVEL = 0;
				GCC_PREPROCESSOR_DEFINITIONS = (
					"DEBUG=1",
					"$(inherited)",
				);
				GCC_WARN_64_TO_32_BIT_CONVERSION = YES;
				GCC_WARN_ABOUT_RETURN_TYPE = YES_ERROR;
				GCC_WARN_UNDECLARED_SELECTOR = YES;
				GCC_WARN_UNINITIALIZED_AUTOS = YES_AGGRESSIVE;
				GCC_WARN_UNUSED_FUNCTION = YES;
				GCC_WARN_UNUSED_VARIABLE = YES;
				IPHONEOS_DEPLOYMENT_TARGET = 9.1;
				MTL_ENABLE_DEBUG_INFO = YES;
				ONLY_ACTIVE_ARCH = YES;
				SDKROOT = iphoneos;
				SWIFT_OPTIMIZATION_LEVEL = "-Onone";
			};
			name = Debug;
		};
		6EDC62DC1C0DFAFD00AEB5C9 /* Release */ = {
			isa = XCBuildConfiguration;
			buildSettings = {
				ALWAYS_SEARCH_USER_PATHS = NO;
				CLANG_CXX_LANGUAGE_STANDARD = "gnu++0x";
				CLANG_CXX_LIBRARY = "libc++";
				CLANG_ENABLE_MODULES = YES;
				CLANG_ENABLE_OBJC_ARC = YES;
				CLANG_WARN_BOOL_CONVERSION = YES;
				CLANG_WARN_CONSTANT_CONVERSION = YES;
				CLANG_WARN_DIRECT_OBJC_ISA_USAGE = YES_ERROR;
				CLANG_WARN_EMPTY_BODY = YES;
				CLANG_WARN_ENUM_CONVERSION = YES;
				CLANG_WARN_INT_CONVERSION = YES;
				CLANG_WARN_OBJC_ROOT_CLASS = YES_ERROR;
				CLANG_WARN_UNREACHABLE_CODE = YES;
				CLANG_WARN__DUPLICATE_METHOD_MATCH = YES;
				"CODE_SIGN_IDENTITY[sdk=iphoneos*]" = "iPhone Developer";
				COPY_PHASE_STRIP = NO;
				DEBUG_INFORMATION_FORMAT = "dwarf-with-dsym";
				ENABLE_NS_ASSERTIONS = NO;
				ENABLE_STRICT_OBJC_MSGSEND = YES;
				GCC_C_LANGUAGE_STANDARD = gnu99;
				GCC_NO_COMMON_BLOCKS = YES;
				GCC_WARN_64_TO_32_BIT_CONVERSION = YES;
				GCC_WARN_ABOUT_RETURN_TYPE = YES_ERROR;
				GCC_WARN_UNDECLARED_SELECTOR = YES;
				GCC_WARN_UNINITIALIZED_AUTOS = YES_AGGRESSIVE;
				GCC_WARN_UNUSED_FUNCTION = YES;
				GCC_WARN_UNUSED_VARIABLE = YES;
				IPHONEOS_DEPLOYMENT_TARGET = 9.1;
				MTL_ENABLE_DEBUG_INFO = NO;
				SDKROOT = iphoneos;
				VALIDATE_PRODUCT = YES;
			};
			name = Release;
		};
		6EDC62DE1C0DFAFD00AEB5C9 /* Debug */ = {
			isa = XCBuildConfiguration;
			buildSettings = {
				ASSETCATALOG_COMPILER_APPICON_NAME = AppIcon;
				INFOPLIST_FILE = AlchemyLanguageSampleApp/Info.plist;
				LD_RUNPATH_SEARCH_PATHS = "$(inherited) @executable_path/Frameworks";
				PRODUCT_BUNDLE_IDENTIFIER = com.ibm.mil.AlchemyLanguageSampleApp;
				PRODUCT_NAME = "$(TARGET_NAME)";
			};
			name = Debug;
		};
		6EDC62DF1C0DFAFD00AEB5C9 /* Release */ = {
			isa = XCBuildConfiguration;
			buildSettings = {
				ASSETCATALOG_COMPILER_APPICON_NAME = AppIcon;
				INFOPLIST_FILE = AlchemyLanguageSampleApp/Info.plist;
				LD_RUNPATH_SEARCH_PATHS = "$(inherited) @executable_path/Frameworks";
				PRODUCT_BUNDLE_IDENTIFIER = com.ibm.mil.AlchemyLanguageSampleApp;
				PRODUCT_NAME = "$(TARGET_NAME)";
			};
			name = Release;
		};
/* End XCBuildConfiguration section */

/* Begin XCConfigurationList section */
		6EDC62C61C0DFAFD00AEB5C9 /* Build configuration list for PBXProject "AlchemyLanguageSampleApp" */ = {
			isa = XCConfigurationList;
			buildConfigurations = (
				6EDC62DB1C0DFAFD00AEB5C9 /* Debug */,
				6EDC62DC1C0DFAFD00AEB5C9 /* Release */,
			);
			defaultConfigurationIsVisible = 0;
			defaultConfigurationName = Release;
		};
		6EDC62DD1C0DFAFD00AEB5C9 /* Build configuration list for PBXNativeTarget "AlchemyLanguageSampleApp" */ = {
			isa = XCConfigurationList;
			buildConfigurations = (
				6EDC62DE1C0DFAFD00AEB5C9 /* Debug */,
				6EDC62DF1C0DFAFD00AEB5C9 /* Release */,
			);
			defaultConfigurationIsVisible = 0;
		};
/* End XCConfigurationList section */
	};
	rootObject = 6EDC62C31C0DFAFD00AEB5C9 /* Project object */;
}
