<?xml version="1.0" encoding="UTF-8"?>
<Scheme
   LastUpgradeVersion = "0730"
   version = "1.3">
   <BuildAction
      parallelizeBuildables = "YES"
      buildImplicitDependencies = "YES">
      <BuildActionEntries>
         <BuildActionEntry
            buildForTesting = "YES"
            buildForRunning = "YES"
            buildForProfiling = "YES"
            buildForArchiving = "YES"
            buildForAnalyzing = "YES">
            <BuildableReference
               BuildableIdentifier = "primary"
               BlueprintIdentifier = "7AAAF5631CEEA2DF00B74848"
               BuildableName = "AlchemyLanguageV1.framework"
               BlueprintName = "AlchemyLanguageV1"
               ReferencedContainer = "container:WatsonDeveloperCloud.xcodeproj">
            </BuildableReference>
         </BuildActionEntry>
         <BuildActionEntry
            buildForTesting = "YES"
            buildForRunning = "NO"
            buildForProfiling = "NO"
            buildForArchiving = "NO"
            buildForAnalyzing = "NO">
            <BuildableReference
               BuildableIdentifier = "primary"
               BlueprintIdentifier = "7AAAF56C1CEEA2DF00B74848"
               BuildableName = "AlchemyLanguageV1Tests.xctest"
               BlueprintName = "AlchemyLanguageV1Tests"
               ReferencedContainer = "container:WatsonDeveloperCloud.xcodeproj">
            </BuildableReference>
         </BuildActionEntry>
         <BuildActionEntry
            buildForTesting = "YES"
            buildForRunning = "YES"
            buildForProfiling = "YES"
            buildForArchiving = "YES"
            buildForAnalyzing = "YES">
            <BuildableReference
               BuildableIdentifier = "primary"
               BlueprintIdentifier = "7AAAF5351CEEA23D00B74848"
               BuildableName = "AlchemyVisionV1.framework"
               BlueprintName = "AlchemyVisionV1"
               ReferencedContainer = "container:WatsonDeveloperCloud.xcodeproj">
            </BuildableReference>
         </BuildActionEntry>
         <BuildActionEntry
            buildForTesting = "YES"
            buildForRunning = "NO"
            buildForProfiling = "NO"
            buildForArchiving = "NO"
            buildForAnalyzing = "NO">
            <BuildableReference
               BuildableIdentifier = "primary"
               BlueprintIdentifier = "7AAAF53E1CEEA23E00B74848"
               BuildableName = "AlchemyVisionV1Tests.xctest"
               BlueprintName = "AlchemyVisionV1Tests"
               ReferencedContainer = "container:WatsonDeveloperCloud.xcodeproj">
            </BuildableReference>
         </BuildActionEntry>
         <BuildActionEntry
            buildForTesting = "YES"
            buildForRunning = "YES"
            buildForProfiling = "YES"
            buildForArchiving = "YES"
            buildForAnalyzing = "YES">
            <BuildableReference
               BuildableIdentifier = "primary"
               BlueprintIdentifier = "7AAAF5081CEEA1DA00B74848"
               BuildableName = "DialogV1.framework"
               BlueprintName = "DialogV1"
               ReferencedContainer = "container:WatsonDeveloperCloud.xcodeproj">
            </BuildableReference>
         </BuildActionEntry>
         <BuildActionEntry
            buildForTesting = "YES"
            buildForRunning = "NO"
            buildForProfiling = "NO"
            buildForArchiving = "NO"
            buildForAnalyzing = "NO">
            <BuildableReference
               BuildableIdentifier = "primary"
               BlueprintIdentifier = "7AAAF5111CEEA1DA00B74848"
               BuildableName = "DialogV1Tests.xctest"
               BlueprintName = "DialogV1Tests"
               ReferencedContainer = "container:WatsonDeveloperCloud.xcodeproj">
            </BuildableReference>
         </BuildActionEntry>
         <BuildActionEntry
            buildForTesting = "YES"
            buildForRunning = "YES"
            buildForProfiling = "YES"
            buildForArchiving = "YES"
            buildForAnalyzing = "YES">
            <BuildableReference
               BuildableIdentifier = "primary"
               BlueprintIdentifier = "7AAAF4DB1CEEA16100B74848"
               BuildableName = "LanguageTranslationV2.framework"
               BlueprintName = "LanguageTranslationV2"
               ReferencedContainer = "container:WatsonDeveloperCloud.xcodeproj">
            </BuildableReference>
         </BuildActionEntry>
         <BuildActionEntry
            buildForTesting = "YES"
            buildForRunning = "NO"
            buildForProfiling = "NO"
            buildForArchiving = "NO"
            buildForAnalyzing = "NO">
            <BuildableReference
               BuildableIdentifier = "primary"
               BlueprintIdentifier = "7AAAF4E41CEEA16100B74848"
               BuildableName = "LanguageTranslationV2Tests.xctest"
               BlueprintName = "LanguageTranslationV2Tests"
               ReferencedContainer = "container:WatsonDeveloperCloud.xcodeproj">
            </BuildableReference>
         </BuildActionEntry>
         <BuildActionEntry
            buildForTesting = "YES"
            buildForRunning = "YES"
            buildForProfiling = "YES"
            buildForArchiving = "YES"
            buildForAnalyzing = "YES">
            <BuildableReference
               BuildableIdentifier = "primary"
               BlueprintIdentifier = "7AAAF4AE1CEEA10600B74848"
               BuildableName = "NaturalLanguageClassifierV1.framework"
               BlueprintName = "NaturalLanguageClassifierV1"
               ReferencedContainer = "container:WatsonDeveloperCloud.xcodeproj">
            </BuildableReference>
         </BuildActionEntry>
         <BuildActionEntry
            buildForTesting = "YES"
            buildForRunning = "NO"
            buildForProfiling = "NO"
            buildForArchiving = "NO"
            buildForAnalyzing = "NO">
            <BuildableReference
               BuildableIdentifier = "primary"
               BlueprintIdentifier = "7AAAF4B71CEEA10700B74848"
               BuildableName = "NaturalLanguageClassifierV1Tests.xctest"
               BlueprintName = "NaturalLanguageClassifierV1Tests"
               ReferencedContainer = "container:WatsonDeveloperCloud.xcodeproj">
            </BuildableReference>
         </BuildActionEntry>
         <BuildActionEntry
            buildForTesting = "YES"
            buildForRunning = "YES"
            buildForProfiling = "YES"
            buildForArchiving = "YES"
            buildForAnalyzing = "YES">
            <BuildableReference
               BuildableIdentifier = "primary"
               BlueprintIdentifier = "7AAAF4841CEEA07900B74848"
               BuildableName = "PersonalityInsightsV2.framework"
               BlueprintName = "PersonalityInsightsV2"
               ReferencedContainer = "container:WatsonDeveloperCloud.xcodeproj">
            </BuildableReference>
         </BuildActionEntry>
         <BuildActionEntry
            buildForTesting = "YES"
            buildForRunning = "NO"
            buildForProfiling = "NO"
            buildForArchiving = "NO"
            buildForAnalyzing = "NO">
            <BuildableReference
               BuildableIdentifier = "primary"
               BlueprintIdentifier = "7AAAF48D1CEEA07900B74848"
               BuildableName = "PersonalityInsightsV2Tests.xctest"
               BlueprintName = "PersonalityInsightsV2Tests"
               ReferencedContainer = "container:WatsonDeveloperCloud.xcodeproj">
            </BuildableReference>
         </BuildActionEntry>
         <BuildActionEntry
            buildForTesting = "YES"
            buildForRunning = "YES"
            buildForProfiling = "YES"
            buildForArchiving = "YES"
            buildForAnalyzing = "YES">
            <BuildableReference
               BuildableIdentifier = "primary"
               BlueprintIdentifier = "7AAAF39D1CEE99FC00B74848"
               BuildableName = "RestKit.framework"
               BlueprintName = "RestKit"
               ReferencedContainer = "container:WatsonDeveloperCloud.xcodeproj">
            </BuildableReference>
         </BuildActionEntry>
         <BuildActionEntry
            buildForTesting = "YES"
            buildForRunning = "NO"
            buildForProfiling = "NO"
            buildForArchiving = "NO"
            buildForAnalyzing = "NO">
            <BuildableReference
               BuildableIdentifier = "primary"
               BlueprintIdentifier = "7AAAF3A61CEE99FC00B74848"
               BuildableName = "RestKitTests.xctest"
               BlueprintName = "RestKitTests"
               ReferencedContainer = "container:WatsonDeveloperCloud.xcodeproj">
            </BuildableReference>
         </BuildActionEntry>
         <BuildActionEntry
            buildForTesting = "YES"
            buildForRunning = "YES"
            buildForProfiling = "YES"
            buildForArchiving = "YES"
            buildForAnalyzing = "YES">
            <BuildableReference
               BuildableIdentifier = "primary"
               BlueprintIdentifier = "7AAAF44D1CEE9F8800B74848"
               BuildableName = "SpeechToTextV1.framework"
               BlueprintName = "SpeechToTextV1"
               ReferencedContainer = "container:WatsonDeveloperCloud.xcodeproj">
            </BuildableReference>
         </BuildActionEntry>
         <BuildActionEntry
            buildForTesting = "YES"
            buildForRunning = "NO"
            buildForProfiling = "NO"
            buildForArchiving = "NO"
            buildForAnalyzing = "NO">
            <BuildableReference
               BuildableIdentifier = "primary"
               BlueprintIdentifier = "7AAAF4561CEE9F8800B74848"
               BuildableName = "SpeechToTextV1Tests.xctest"
               BlueprintName = "SpeechToTextV1Tests"
               ReferencedContainer = "container:WatsonDeveloperCloud.xcodeproj">
            </BuildableReference>
         </BuildActionEntry>
         <BuildActionEntry
            buildForTesting = "YES"
            buildForRunning = "YES"
            buildForProfiling = "YES"
            buildForArchiving = "YES"
            buildForAnalyzing = "YES">
            <BuildableReference
               BuildableIdentifier = "primary"
               BlueprintIdentifier = "7AAAF4221CEE9E8600B74848"
               BuildableName = "TextToSpeechV1.framework"
               BlueprintName = "TextToSpeechV1"
               ReferencedContainer = "container:WatsonDeveloperCloud.xcodeproj">
            </BuildableReference>
         </BuildActionEntry>
         <BuildActionEntry
            buildForTesting = "YES"
            buildForRunning = "NO"
            buildForProfiling = "NO"
            buildForArchiving = "NO"
            buildForAnalyzing = "NO">
            <BuildableReference
               BuildableIdentifier = "primary"
               BlueprintIdentifier = "7AAAF42B1CEE9E8600B74848"
               BuildableName = "TextToSpeechV1Tests.xctest"
               BlueprintName = "TextToSpeechV1Tests"
               ReferencedContainer = "container:WatsonDeveloperCloud.xcodeproj">
            </BuildableReference>
         </BuildActionEntry>
         <BuildActionEntry
            buildForTesting = "YES"
            buildForRunning = "YES"
            buildForProfiling = "YES"
            buildForArchiving = "YES"
            buildForAnalyzing = "YES">
            <BuildableReference
               BuildableIdentifier = "primary"
               BlueprintIdentifier = "7AAAF3F71CEE9D1900B74848"
               BuildableName = "ToneAnalyzerV3.framework"
               BlueprintName = "ToneAnalyzerV3"
               ReferencedContainer = "container:WatsonDeveloperCloud.xcodeproj">
            </BuildableReference>
         </BuildActionEntry>
         <BuildActionEntry
            buildForTesting = "YES"
            buildForRunning = "NO"
            buildForProfiling = "NO"
            buildForArchiving = "NO"
            buildForAnalyzing = "NO">
            <BuildableReference
               BuildableIdentifier = "primary"
               BlueprintIdentifier = "7AAAF4001CEE9D1900B74848"
               BuildableName = "ToneAnalyzerV3Tests.xctest"
               BlueprintName = "ToneAnalyzerV3Tests"
               ReferencedContainer = "container:WatsonDeveloperCloud.xcodeproj">
            </BuildableReference>
         </BuildActionEntry>
         <BuildActionEntry
            buildForTesting = "YES"
            buildForRunning = "YES"
            buildForProfiling = "YES"
            buildForArchiving = "YES"
            buildForAnalyzing = "YES">
            <BuildableReference
               BuildableIdentifier = "primary"
               BlueprintIdentifier = "7AAAF3C21CEE9A3700B74848"
               BuildableName = "VisualRecognitionV3.framework"
               BlueprintName = "VisualRecognitionV3"
               ReferencedContainer = "container:WatsonDeveloperCloud.xcodeproj">
            </BuildableReference>
         </BuildActionEntry>
         <BuildActionEntry
            buildForTesting = "YES"
            buildForRunning = "NO"
            buildForProfiling = "NO"
            buildForArchiving = "NO"
            buildForAnalyzing = "NO">
            <BuildableReference
               BuildableIdentifier = "primary"
               BlueprintIdentifier = "7AAAF3CB1CEE9A3700B74848"
               BuildableName = "VisualRecognitionV3Tests.xctest"
               BlueprintName = "VisualRecognitionV3Tests"
               ReferencedContainer = "container:WatsonDeveloperCloud.xcodeproj">
            </BuildableReference>
         </BuildActionEntry>
      </BuildActionEntries>
   </BuildAction>
   <TestAction
      buildConfiguration = "Debug"
      selectedDebuggerIdentifier = "Xcode.DebuggerFoundation.Debugger.LLDB"
      selectedLauncherIdentifier = "Xcode.DebuggerFoundation.Launcher.LLDB"
      shouldUseLaunchSchemeArgsEnv = "YES">
      <Testables>
         <TestableReference
            skipped = "NO">
            <BuildableReference
               BuildableIdentifier = "primary"
               BlueprintIdentifier = "7AAAF56C1CEEA2DF00B74848"
               BuildableName = "AlchemyLanguageV1Tests.xctest"
               BlueprintName = "AlchemyLanguageV1Tests"
               ReferencedContainer = "container:WatsonDeveloperCloud.xcodeproj">
            </BuildableReference>
         </TestableReference>
         <TestableReference
            skipped = "NO">
            <BuildableReference
               BuildableIdentifier = "primary"
               BlueprintIdentifier = "7AAAF53E1CEEA23E00B74848"
               BuildableName = "AlchemyVisionV1Tests.xctest"
               BlueprintName = "AlchemyVisionV1Tests"
               ReferencedContainer = "container:WatsonDeveloperCloud.xcodeproj">
            </BuildableReference>
         </TestableReference>
         <TestableReference
            skipped = "NO">
            <BuildableReference
               BuildableIdentifier = "primary"
               BlueprintIdentifier = "7AAAF5111CEEA1DA00B74848"
               BuildableName = "DialogV1Tests.xctest"
               BlueprintName = "DialogV1Tests"
               ReferencedContainer = "container:WatsonDeveloperCloud.xcodeproj">
            </BuildableReference>
         </TestableReference>
         <TestableReference
            skipped = "NO">
            <BuildableReference
               BuildableIdentifier = "primary"
               BlueprintIdentifier = "7AAAF4E41CEEA16100B74848"
               BuildableName = "LanguageTranslationV2Tests.xctest"
               BlueprintName = "LanguageTranslationV2Tests"
               ReferencedContainer = "container:WatsonDeveloperCloud.xcodeproj">
            </BuildableReference>
         </TestableReference>
         <TestableReference
            skipped = "NO">
            <BuildableReference
               BuildableIdentifier = "primary"
               BlueprintIdentifier = "7AAAF4B71CEEA10700B74848"
               BuildableName = "NaturalLanguageClassifierV1Tests.xctest"
               BlueprintName = "NaturalLanguageClassifierV1Tests"
               ReferencedContainer = "container:WatsonDeveloperCloud.xcodeproj">
            </BuildableReference>
         </TestableReference>
         <TestableReference
            skipped = "NO">
            <BuildableReference
               BuildableIdentifier = "primary"
               BlueprintIdentifier = "7AAAF48D1CEEA07900B74848"
               BuildableName = "PersonalityInsightsV2Tests.xctest"
               BlueprintName = "PersonalityInsightsV2Tests"
               ReferencedContainer = "container:WatsonDeveloperCloud.xcodeproj">
            </BuildableReference>
         </TestableReference>
         <TestableReference
            skipped = "NO">
            <BuildableReference
               BuildableIdentifier = "primary"
               BlueprintIdentifier = "7AAAF3A61CEE99FC00B74848"
               BuildableName = "RestKitTests.xctest"
               BlueprintName = "RestKitTests"
               ReferencedContainer = "container:WatsonDeveloperCloud.xcodeproj">
            </BuildableReference>
         </TestableReference>
         <TestableReference
            skipped = "NO">
            <BuildableReference
               BuildableIdentifier = "primary"
               BlueprintIdentifier = "7AAAF4561CEE9F8800B74848"
               BuildableName = "SpeechToTextV1Tests.xctest"
               BlueprintName = "SpeechToTextV1Tests"
               ReferencedContainer = "container:WatsonDeveloperCloud.xcodeproj">
            </BuildableReference>
         </TestableReference>
         <TestableReference
            skipped = "NO">
            <BuildableReference
               BuildableIdentifier = "primary"
               BlueprintIdentifier = "7AAAF42B1CEE9E8600B74848"
               BuildableName = "TextToSpeechV1Tests.xctest"
               BlueprintName = "TextToSpeechV1Tests"
               ReferencedContainer = "container:WatsonDeveloperCloud.xcodeproj">
            </BuildableReference>
         </TestableReference>
         <TestableReference
            skipped = "NO">
            <BuildableReference
               BuildableIdentifier = "primary"
               BlueprintIdentifier = "7AAAF4001CEE9D1900B74848"
               BuildableName = "ToneAnalyzerV3Tests.xctest"
               BlueprintName = "ToneAnalyzerV3Tests"
               ReferencedContainer = "container:WatsonDeveloperCloud.xcodeproj">
            </BuildableReference>
         </TestableReference>
         <TestableReference
            skipped = "NO">
            <BuildableReference
               BuildableIdentifier = "primary"
               BlueprintIdentifier = "7AAAF3CB1CEE9A3700B74848"
               BuildableName = "VisualRecognitionV3Tests.xctest"
               BlueprintName = "VisualRecognitionV3Tests"
               ReferencedContainer = "container:WatsonDeveloperCloud.xcodeproj">
            </BuildableReference>
         </TestableReference>
      </Testables>
      <MacroExpansion>
         <BuildableReference
            BuildableIdentifier = "primary"
            BlueprintIdentifier = "7AAAF5631CEEA2DF00B74848"
            BuildableName = "AlchemyLanguageV1.framework"
            BlueprintName = "AlchemyLanguageV1"
            ReferencedContainer = "container:WatsonDeveloperCloud.xcodeproj">
         </BuildableReference>
      </MacroExpansion>
      <AdditionalOptions>
      </AdditionalOptions>
   </TestAction>
   <LaunchAction
      buildConfiguration = "Debug"
      selectedDebuggerIdentifier = "Xcode.DebuggerFoundation.Debugger.LLDB"
      selectedLauncherIdentifier = "Xcode.DebuggerFoundation.Launcher.LLDB"
      launchStyle = "0"
      useCustomWorkingDirectory = "NO"
      ignoresPersistentStateOnLaunch = "NO"
      debugDocumentVersioning = "YES"
      debugServiceExtension = "internal"
      allowLocationSimulation = "YES">
      <MacroExpansion>
         <BuildableReference
            BuildableIdentifier = "primary"
            BlueprintIdentifier = "7AAAF5631CEEA2DF00B74848"
            BuildableName = "AlchemyLanguageV1.framework"
            BlueprintName = "AlchemyLanguageV1"
            ReferencedContainer = "container:WatsonDeveloperCloud.xcodeproj">
         </BuildableReference>
      </MacroExpansion>
      <AdditionalOptions>
      </AdditionalOptions>
   </LaunchAction>
   <ProfileAction
      buildConfiguration = "Release"
      shouldUseLaunchSchemeArgsEnv = "YES"
      savedToolIdentifier = ""
      useCustomWorkingDirectory = "NO"
      debugDocumentVersioning = "YES">
      <MacroExpansion>
         <BuildableReference
            BuildableIdentifier = "primary"
            BlueprintIdentifier = "7AAAF5631CEEA2DF00B74848"
            BuildableName = "AlchemyLanguageV1.framework"
            BlueprintName = "AlchemyLanguageV1"
            ReferencedContainer = "container:WatsonDeveloperCloud.xcodeproj">
         </BuildableReference>
      </MacroExpansion>
   </ProfileAction>
   <AnalyzeAction
      buildConfiguration = "Debug">
   </AnalyzeAction>
   <ArchiveAction
      buildConfiguration = "Release"
      revealArchiveInOrganizer = "YES">
   </ArchiveAction>
</Scheme>
