<?xml version="1.0" encoding="UTF-8"?>
<Scheme
   LastUpgradeVersion = "9999"
   version = "1.3">
   <BuildAction
      parallelizeBuildables = "YES"
      buildImplicitDependencies = "YES">
      <BuildActionEntries>
         <BuildActionEntry
            buildForTesting = "YES"
            buildForRunning = "YES"
            buildForProfiling = "YES"
            buildForArchiving = "YES"
            buildForAnalyzing = "YES">
            <BuildableReference
               BuildableIdentifier = "primary"
               BlueprintIdentifier = "WatsonDeveloperCloud::LanguageTranslatorV2"
               BuildableName = "LanguageTranslatorV2.framework"
               BlueprintName = "LanguageTranslatorV2"
               ReferencedContainer = "container:WatsonDeveloperCloud.xcodeproj">
            </BuildableReference>
         </BuildActionEntry>
         <BuildActionEntry
            buildForTesting = "YES"
            buildForRunning = "YES"
            buildForProfiling = "YES"
            buildForArchiving = "YES"
            buildForAnalyzing = "YES">
            <BuildableReference
               BuildableIdentifier = "primary"
               BlueprintIdentifier = "WatsonDeveloperCloud::ToneAnalyzerV3"
               BuildableName = "ToneAnalyzerV3.framework"
               BlueprintName = "ToneAnalyzerV3"
               ReferencedContainer = "container:WatsonDeveloperCloud.xcodeproj">
            </BuildableReference>
         </BuildActionEntry>
         <BuildActionEntry
            buildForTesting = "YES"
            buildForRunning = "YES"
            buildForProfiling = "YES"
            buildForArchiving = "YES"
            buildForAnalyzing = "YES">
            <BuildableReference
               BuildableIdentifier = "primary"
               BlueprintIdentifier = "WatsonDeveloperCloud::DiscoveryV1"
               BuildableName = "DiscoveryV1.framework"
               BlueprintName = "DiscoveryV1"
               ReferencedContainer = "container:WatsonDeveloperCloud.xcodeproj">
            </BuildableReference>
         </BuildActionEntry>
         <BuildActionEntry
            buildForTesting = "YES"
            buildForRunning = "YES"
            buildForProfiling = "YES"
            buildForArchiving = "YES"
            buildForAnalyzing = "YES">
            <BuildableReference
               BuildableIdentifier = "primary"
               BlueprintIdentifier = "WatsonDeveloperCloud::NaturalLanguageClassifierV1"
               BuildableName = "NaturalLanguageClassifierV1.framework"
               BlueprintName = "NaturalLanguageClassifierV1"
               ReferencedContainer = "container:WatsonDeveloperCloud.xcodeproj">
            </BuildableReference>
         </BuildActionEntry>
         <BuildActionEntry
            buildForTesting = "YES"
            buildForRunning = "YES"
            buildForProfiling = "YES"
            buildForArchiving = "YES"
            buildForAnalyzing = "YES">
            <BuildableReference
               BuildableIdentifier = "primary"
               BlueprintIdentifier = "WatsonDeveloperCloud::PersonalityInsightsV3"
               BuildableName = "PersonalityInsightsV3.framework"
               BlueprintName = "PersonalityInsightsV3"
               ReferencedContainer = "container:WatsonDeveloperCloud.xcodeproj">
            </BuildableReference>
         </BuildActionEntry>
         <BuildActionEntry
            buildForTesting = "YES"
            buildForRunning = "YES"
            buildForProfiling = "YES"
            buildForArchiving = "YES"
            buildForAnalyzing = "YES">
            <BuildableReference
               BuildableIdentifier = "primary"
               BlueprintIdentifier = "WatsonDeveloperCloud::AssistantV1"
               BuildableName = "AssistantV1.framework"
               BlueprintName = "AssistantV1"
               ReferencedContainer = "container:WatsonDeveloperCloud.xcodeproj">
            </BuildableReference>
         </BuildActionEntry>
         <BuildActionEntry
            buildForTesting = "YES"
            buildForRunning = "YES"
            buildForProfiling = "YES"
            buildForArchiving = "YES"
            buildForAnalyzing = "YES">
            <BuildableReference
               BuildableIdentifier = "primary"
               BlueprintIdentifier = "WatsonDeveloperCloud::NaturalLanguageUnderstandingV1"
               BuildableName = "NaturalLanguageUnderstandingV1.framework"
               BlueprintName = "NaturalLanguageUnderstandingV1"
               ReferencedContainer = "container:WatsonDeveloperCloud.xcodeproj">
            </BuildableReference>
         </BuildActionEntry>
         <BuildActionEntry
            buildForTesting = "YES"
            buildForRunning = "YES"
            buildForProfiling = "YES"
            buildForArchiving = "YES"
            buildForAnalyzing = "YES">
            <BuildableReference
               BuildableIdentifier = "primary"
               BlueprintIdentifier = "WatsonDeveloperCloud::ConversationV1"
               BuildableName = "ConversationV1.framework"
               BlueprintName = "ConversationV1"
               ReferencedContainer = "container:WatsonDeveloperCloud.xcodeproj">
            </BuildableReference>
         </BuildActionEntry>
         <BuildActionEntry
            buildForTesting = "YES"
            buildForRunning = "YES"
            buildForProfiling = "YES"
            buildForArchiving = "YES"
            buildForAnalyzing = "YES">
            <BuildableReference
               BuildableIdentifier = "primary"
               BlueprintIdentifier = "WatsonDeveloperCloud::VisualRecognitionV3"
               BuildableName = "VisualRecognitionV3.framework"
               BlueprintName = "VisualRecognitionV3"
               ReferencedContainer = "container:WatsonDeveloperCloud.xcodeproj">
            </BuildableReference>
         </BuildActionEntry>
      </BuildActionEntries>
   </BuildAction>
   <TestAction
      buildConfiguration = "Debug"
      selectedDebuggerIdentifier = "Xcode.DebuggerFoundation.Debugger.LLDB"
      selectedLauncherIdentifier = "Xcode.DebuggerFoundation.Launcher.LLDB"
      shouldUseLaunchSchemeArgsEnv = "YES">
      <Testables>
         <TestableReference
            skipped = "NO">
            <BuildableReference
               BuildableIdentifier = "primary"
               BlueprintIdentifier = "WatsonDeveloperCloud::AssistantV1Tests"
               BuildableName = "AssistantV1Tests.xctest"
               BlueprintName = "AssistantV1Tests"
               ReferencedContainer = "container:WatsonDeveloperCloud.xcodeproj">
            </BuildableReference>
         </TestableReference>
         <TestableReference
            skipped = "NO">
            <BuildableReference
               BuildableIdentifier = "primary"
               BlueprintIdentifier = "WatsonDeveloperCloud::PersonalityInsightsV3Tests"
               BuildableName = "PersonalityInsightsV3Tests.xctest"
               BlueprintName = "PersonalityInsightsV3Tests"
               ReferencedContainer = "container:WatsonDeveloperCloud.xcodeproj">
            </BuildableReference>
         </TestableReference>
         <TestableReference
            skipped = "NO">
            <BuildableReference
               BuildableIdentifier = "primary"
               BlueprintIdentifier = "WatsonDeveloperCloud::NaturalLanguageUnderstandingV1Tests"
               BuildableName = "NaturalLanguageUnderstandingV1Tests.xctest"
               BlueprintName = "NaturalLanguageUnderstandingV1Tests"
               ReferencedContainer = "container:WatsonDeveloperCloud.xcodeproj">
            </BuildableReference>
         </TestableReference>
         <TestableReference
            skipped = "NO">
            <BuildableReference
               BuildableIdentifier = "primary"
               BlueprintIdentifier = "WatsonDeveloperCloud::NaturalLanguageClassifierV1Tests"
               BuildableName = "NaturalLanguageClassifierV1Tests.xctest"
               BlueprintName = "NaturalLanguageClassifierV1Tests"
               ReferencedContainer = "container:WatsonDeveloperCloud.xcodeproj">
            </BuildableReference>
         </TestableReference>
         <TestableReference
            skipped = "NO">
            <BuildableReference
               BuildableIdentifier = "primary"
               BlueprintIdentifier = "WatsonDeveloperCloud::LanguageTranslatorV2Tests"
               BuildableName = "LanguageTranslatorV2Tests.xctest"
               BlueprintName = "LanguageTranslatorV2Tests"
               ReferencedContainer = "container:WatsonDeveloperCloud.xcodeproj">
            </BuildableReference>
         </TestableReference>
         <TestableReference
            skipped = "NO">
            <BuildableReference
               BuildableIdentifier = "primary"
               BlueprintIdentifier = "WatsonDeveloperCloud::ToneAnalyzerV3Tests"
               BuildableName = "ToneAnalyzerV3Tests.xctest"
               BlueprintName = "ToneAnalyzerV3Tests"
               ReferencedContainer = "container:WatsonDeveloperCloud.xcodeproj">
            </BuildableReference>
         </TestableReference>
         <TestableReference
            skipped = "NO">
            <BuildableReference
               BuildableIdentifier = "primary"
               BlueprintIdentifier = "WatsonDeveloperCloud::DiscoveryV1Tests"
               BuildableName = "DiscoveryV1Tests.xctest"
               BlueprintName = "DiscoveryV1Tests"
               ReferencedContainer = "container:WatsonDeveloperCloud.xcodeproj">
            </BuildableReference>
         </TestableReference>
         <TestableReference
            skipped = "NO">
            <BuildableReference
               BuildableIdentifier = "primary"
               BlueprintIdentifier = "WatsonDeveloperCloud::VisualRecognitionV3Tests"
               BuildableName = "VisualRecognitionV3Tests.xctest"
               BlueprintName = "VisualRecognitionV3Tests"
               ReferencedContainer = "container:WatsonDeveloperCloud.xcodeproj">
            </BuildableReference>
         </TestableReference>
         <TestableReference
            skipped = "NO">
            <BuildableReference
               BuildableIdentifier = "primary"
               BlueprintIdentifier = "WatsonDeveloperCloud::ConversationV1Tests"
               BuildableName = "ConversationV1Tests.xctest"
               BlueprintName = "ConversationV1Tests"
               ReferencedContainer = "container:WatsonDeveloperCloud.xcodeproj">
            </BuildableReference>
         </TestableReference>
      </Testables>
      <AdditionalOptions>
      </AdditionalOptions>
   </TestAction>
   <LaunchAction
      buildConfiguration = "Debug"
      selectedDebuggerIdentifier = "Xcode.DebuggerFoundation.Debugger.LLDB"
      selectedLauncherIdentifier = "Xcode.DebuggerFoundation.Launcher.LLDB"
      launchStyle = "0"
      useCustomWorkingDirectory = "NO"
      ignoresPersistentStateOnLaunch = "NO"
      debugDocumentVersioning = "YES"
      debugServiceExtension = "internal"
      allowLocationSimulation = "YES">
      <MacroExpansion>
         <BuildableReference
            BuildableIdentifier = "primary"
            BlueprintIdentifier = "WatsonDeveloperCloud::LanguageTranslatorV2"
            BuildableName = "LanguageTranslatorV2.framework"
            BlueprintName = "LanguageTranslatorV2"
            ReferencedContainer = "container:WatsonDeveloperCloud.xcodeproj">
         </BuildableReference>
      </MacroExpansion>
      <AdditionalOptions>
      </AdditionalOptions>
   </LaunchAction>
   <ProfileAction
      buildConfiguration = "Release"
      shouldUseLaunchSchemeArgsEnv = "YES"
      savedToolIdentifier = ""
      useCustomWorkingDirectory = "NO"
      debugDocumentVersioning = "YES">
   </ProfileAction>
   <AnalyzeAction
      buildConfiguration = "Debug">
   </AnalyzeAction>
   <ArchiveAction
      buildConfiguration = "Release"
      revealArchiveInOrganizer = "YES">
   </ArchiveAction>
</Scheme>
