{
  "object": {
    "pins": [
      {
        "package": "Starscream",
        "repositoryURL": "https://github.com/daltoniam/Starscream",
        "state": {
          "branch": null,
          "revision": "df8d82047f6654d8e4b655d1b1525c64e1059d21",
          "version": "4.0.4"
        }
      },
      {
        "package": "IBMSwiftSDKCore",
        "repositoryURL": "https://github.com/IBM/swift-sdk-core",
        "state": {
          "branch": null,
          "revision": "34cc067ed2aa275bd09f9829f1966903d00c072a",
          "version": "1.1.0"
        }
      }
    ]
  },
  "version": 1
}
