// !$*UTF8*$!
{
	archiveVersion = 1;
	classes = {
	};
	objectVersion = 46;
	objects = {

/* Begin PBXBuildFile section */
		31383DA71BCC7031001BF3CB /* CoreResponse.swift in Sources */ = {isa = PBXBuildFile; fileRef = 31383DA51BCC7031001BF3CB /* CoreResponse.swift */; settings = {ASSET_TAGS = (); }; };
		31383DA81BCC7031001BF3CB /* CoreResult.swift in Sources */ = {isa = PBXBuildFile; fileRef = 31383DA61BCC7031001BF3CB /* CoreResult.swift */; settings = {ASSET_TAGS = (); }; };
		31383DAE1BCC71F6001BF3CB /* CoreResultStatus.swift in Sources */ = {isa = PBXBuildFile; fileRef = 31383DAD1BCC71F6001BF3CB /* CoreResultStatus.swift */; settings = {ASSET_TAGS = (); }; };
		31AC1FDF1BCF3F87002EA3F8 /* Log.swift in Sources */ = {isa = PBXBuildFile; fileRef = 31AC1FDC1BCF3F87002EA3F8 /* Log.swift */; settings = {ASSET_TAGS = (); }; };
		31AC1FE01BCF3F87002EA3F8 /* Utils.swift in Sources */ = {isa = PBXBuildFile; fileRef = 31AC1FDD1BCF3F87002EA3F8 /* Utils.swift */; settings = {ASSET_TAGS = (); }; };
		31AC1FE31BCF400C002EA3F8 /* alchemy_endpoints.json in Resources */ = {isa = PBXBuildFile; fileRef = 31AC1FE21BCF400C002EA3F8 /* alchemy_endpoints.json */; settings = {ASSET_TAGS = (); }; };
		31CB9AFD1BCE90920077DEA1 /* Logger.swift in Sources */ = {isa = PBXBuildFile; fileRef = 31CB9AFC1BCE90920077DEA1 /* Logger.swift */; settings = {ASSET_TAGS = (); }; };
		31D661831BC21D4000506913 /* AlchemyCore.swift in Sources */ = {isa = PBXBuildFile; fileRef = 31D661821BC21D4000506913 /* AlchemyCore.swift */; settings = {ASSET_TAGS = (); }; };
		31D661851BC21E8100506913 /* AlchemyConstants.swift in Sources */ = {isa = PBXBuildFile; fileRef = 31D661841BC21E8100506913 /* AlchemyConstants.swift */; settings = {ASSET_TAGS = (); }; };
		7A1FCDD41BA9ED6A0090E1EB /* WatsonCore.h in Headers */ = {isa = PBXBuildFile; fileRef = 7A1FCDD31BA9ED6A0090E1EB /* WatsonCore.h */; settings = {ATTRIBUTES = (Public, ); }; };
		7A1FCDDB1BA9ED6A0090E1EB /* WatsonCore.framework in Frameworks */ = {isa = PBXBuildFile; fileRef = 7A1FCDD01BA9ED6A0090E1EB /* WatsonCore.framework */; };
		7A1FCDE01BA9ED6A0090E1EB /* WatsonCoreTests.swift in Sources */ = {isa = PBXBuildFile; fileRef = 7A1FCDDF1BA9ED6A0090E1EB /* WatsonCoreTests.swift */; };
		7A1FCDEB1BA9ED870090E1EB /* WatsonGateway.swift in Sources */ = {isa = PBXBuildFile; fileRef = 7A1FCDEA1BA9ED870090E1EB /* WatsonGateway.swift */; };
		7AC3348F1BAC7FEA00F2C664 /* WatsonAuthentication.swift in Sources */ = {isa = PBXBuildFile; fileRef = 7AC3348E1BAC7FEA00F2C664 /* WatsonAuthentication.swift */; settings = {ASSET_TAGS = (); }; };
		BD308EAD1BCF0F840092763A /* Alamofire.framework in Frameworks */ = {isa = PBXBuildFile; fileRef = BD308EA71BCF0F570092763A /* Alamofire.framework */; };
		BD308EAE1BCF0F840092763A /* SwiftyJSON.framework in Frameworks */ = {isa = PBXBuildFile; fileRef = BD308EA81BCF0F570092763A /* SwiftyJSON.framework */; };
		BD308EAF1BCF0F840092763A /* XCGLogger.framework in Frameworks */ = {isa = PBXBuildFile; fileRef = BD308EA91BCF0F570092763A /* XCGLogger.framework */; };
		BD308EB01BCF0FAC0092763A /* Alamofire.framework in CopyFiles */ = {isa = PBXBuildFile; fileRef = BD308EA71BCF0F570092763A /* Alamofire.framework */; settings = {ATTRIBUTES = (CodeSignOnCopy, RemoveHeadersOnCopy, ); }; };
		BD308EB11BCF0FAC0092763A /* SwiftyJSON.framework in CopyFiles */ = {isa = PBXBuildFile; fileRef = BD308EA81BCF0F570092763A /* SwiftyJSON.framework */; settings = {ATTRIBUTES = (CodeSignOnCopy, RemoveHeadersOnCopy, ); }; };
		BD308EB21BCF0FAC0092763A /* XCGLogger.framework in CopyFiles */ = {isa = PBXBuildFile; fileRef = BD308EA91BCF0F570092763A /* XCGLogger.framework */; settings = {ATTRIBUTES = (CodeSignOnCopy, RemoveHeadersOnCopy, ); }; };
		BDBF45211BB1C4D300860301 /* NetworkUtils.swift in Sources */ = {isa = PBXBuildFile; fileRef = BDBF45201BB1C4D300860301 /* NetworkUtils.swift */; settings = {ASSET_TAGS = (); }; };
		E1605B171BAB5FA70084A056 /* Endpoints.plist in Resources */ = {isa = PBXBuildFile; fileRef = E1605B161BAB5FA70084A056 /* Endpoints.plist */; };
/* End PBXBuildFile section */

/* Begin PBXContainerItemProxy section */
		7A1FCDDC1BA9ED6A0090E1EB /* PBXContainerItemProxy */ = {
			isa = PBXContainerItemProxy;
			containerPortal = 7A1FCDC71BA9ED6A0090E1EB /* Project object */;
			proxyType = 1;
			remoteGlobalIDString = 7A1FCDCF1BA9ED6A0090E1EB;
			remoteInfo = WatsonCore;
		};
/* End PBXContainerItemProxy section */

/* Begin PBXCopyFilesBuildPhase section */
		BD308E961BCF0C430092763A /* CopyFiles */ = {
			isa = PBXCopyFilesBuildPhase;
			buildActionMask = 2147483647;
			dstPath = "";
			dstSubfolderSpec = 10;
			files = (
				BD308EB01BCF0FAC0092763A /* Alamofire.framework in CopyFiles */,
				BD308EB11BCF0FAC0092763A /* SwiftyJSON.framework in CopyFiles */,
				BD308EB21BCF0FAC0092763A /* XCGLogger.framework in CopyFiles */,
			);
			runOnlyForDeploymentPostprocessing = 0;
		};
/* End PBXCopyFilesBuildPhase section */

/* Begin PBXFileReference section */
		31383DA51BCC7031001BF3CB /* CoreResponse.swift */ = {isa = PBXFileReference; fileEncoding = 4; lastKnownFileType = sourcecode.swift; path = CoreResponse.swift; sourceTree = "<group>"; };
		31383DA61BCC7031001BF3CB /* CoreResult.swift */ = {isa = PBXFileReference; fileEncoding = 4; lastKnownFileType = sourcecode.swift; path = CoreResult.swift; sourceTree = "<group>"; };
		31383DAD1BCC71F6001BF3CB /* CoreResultStatus.swift */ = {isa = PBXFileReference; fileEncoding = 4; lastKnownFileType = sourcecode.swift; path = CoreResultStatus.swift; sourceTree = "<group>"; };
		31AC1FDC1BCF3F87002EA3F8 /* Log.swift */ = {isa = PBXFileReference; fileEncoding = 4; lastKnownFileType = sourcecode.swift; path = Log.swift; sourceTree = "<group>"; };
		31AC1FDD1BCF3F87002EA3F8 /* Utils.swift */ = {isa = PBXFileReference; fileEncoding = 4; lastKnownFileType = sourcecode.swift; path = Utils.swift; sourceTree = "<group>"; };
		31AC1FE21BCF400C002EA3F8 /* alchemy_endpoints.json */ = {isa = PBXFileReference; fileEncoding = 4; lastKnownFileType = text.json; path = alchemy_endpoints.json; sourceTree = "<group>"; };
		31CB9AFC1BCE90920077DEA1 /* Logger.swift */ = {isa = PBXFileReference; fileEncoding = 4; lastKnownFileType = sourcecode.swift; path = Logger.swift; sourceTree = "<group>"; };
		31D661821BC21D4000506913 /* AlchemyCore.swift */ = {isa = PBXFileReference; fileEncoding = 4; lastKnownFileType = sourcecode.swift; path = AlchemyCore.swift; sourceTree = "<group>"; };
		31D661841BC21E8100506913 /* AlchemyConstants.swift */ = {isa = PBXFileReference; fileEncoding = 4; lastKnownFileType = sourcecode.swift; path = AlchemyConstants.swift; sourceTree = "<group>"; };
		7A1FCDD01BA9ED6A0090E1EB /* WatsonCore.framework */ = {isa = PBXFileReference; explicitFileType = wrapper.framework; includeInIndex = 0; path = WatsonCore.framework; sourceTree = BUILT_PRODUCTS_DIR; };
		7A1FCDD31BA9ED6A0090E1EB /* WatsonCore.h */ = {isa = PBXFileReference; lastKnownFileType = sourcecode.c.h; path = WatsonCore.h; sourceTree = "<group>"; };
		7A1FCDD51BA9ED6A0090E1EB /* Info.plist */ = {isa = PBXFileReference; lastKnownFileType = text.plist.xml; path = Info.plist; sourceTree = "<group>"; };
		7A1FCDDA1BA9ED6A0090E1EB /* WatsonCoreTests.xctest */ = {isa = PBXFileReference; explicitFileType = wrapper.cfbundle; includeInIndex = 0; path = WatsonCoreTests.xctest; sourceTree = BUILT_PRODUCTS_DIR; };
		7A1FCDDF1BA9ED6A0090E1EB /* WatsonCoreTests.swift */ = {isa = PBXFileReference; lastKnownFileType = sourcecode.swift; path = WatsonCoreTests.swift; sourceTree = "<group>"; };
		7A1FCDE11BA9ED6A0090E1EB /* Info.plist */ = {isa = PBXFileReference; lastKnownFileType = text.plist.xml; path = Info.plist; sourceTree = "<group>"; };
		7A1FCDEA1BA9ED870090E1EB /* WatsonGateway.swift */ = {isa = PBXFileReference; fileEncoding = 4; lastKnownFileType = sourcecode.swift; path = WatsonGateway.swift; sourceTree = "<group>"; };
		7AC3348E1BAC7FEA00F2C664 /* WatsonAuthentication.swift */ = {isa = PBXFileReference; fileEncoding = 4; lastKnownFileType = sourcecode.swift; path = WatsonAuthentication.swift; sourceTree = "<group>"; };
		BD308EA71BCF0F570092763A /* Alamofire.framework */ = {isa = PBXFileReference; lastKnownFileType = wrapper.framework; path = Alamofire.framework; sourceTree = "<group>"; };
		BD308EA81BCF0F570092763A /* SwiftyJSON.framework */ = {isa = PBXFileReference; lastKnownFileType = wrapper.framework; path = SwiftyJSON.framework; sourceTree = "<group>"; };
		BD308EA91BCF0F570092763A /* XCGLogger.framework */ = {isa = PBXFileReference; lastKnownFileType = wrapper.framework; path = XCGLogger.framework; sourceTree = "<group>"; };
		BDBF45201BB1C4D300860301 /* NetworkUtils.swift */ = {isa = PBXFileReference; fileEncoding = 4; lastKnownFileType = sourcecode.swift; path = NetworkUtils.swift; sourceTree = "<group>"; };
		E1605B161BAB5FA70084A056 /* Endpoints.plist */ = {isa = PBXFileReference; fileEncoding = 4; lastKnownFileType = text.plist.xml; path = Endpoints.plist; sourceTree = "<group>"; };
/* End PBXFileReference section */

/* Begin PBXFrameworksBuildPhase section */
		7A1FCDCC1BA9ED6A0090E1EB /* Frameworks */ = {
			isa = PBXFrameworksBuildPhase;
			buildActionMask = 2147483647;
			files = (
				BD308EAD1BCF0F840092763A /* Alamofire.framework in Frameworks */,
				BD308EAE1BCF0F840092763A /* SwiftyJSON.framework in Frameworks */,
				BD308EAF1BCF0F840092763A /* XCGLogger.framework in Frameworks */,
			);
			runOnlyForDeploymentPostprocessing = 0;
		};
		7A1FCDD71BA9ED6A0090E1EB /* Frameworks */ = {
			isa = PBXFrameworksBuildPhase;
			buildActionMask = 2147483647;
			files = (
				7A1FCDDB1BA9ED6A0090E1EB /* WatsonCore.framework in Frameworks */,
			);
			runOnlyForDeploymentPostprocessing = 0;
		};
/* End PBXFrameworksBuildPhase section */

/* Begin PBXGroup section */
		31AC1FDA1BCF3F87002EA3F8 /* Utilities */ = {
			isa = PBXGroup;
			children = (
				31AC1FDC1BCF3F87002EA3F8 /* Log.swift */,
				31AC1FDD1BCF3F87002EA3F8 /* Utils.swift */,
			);
			name = Utilities;
			path = WatsonCore/Utilities;
			sourceTree = SOURCE_ROOT;
		};
		31AC1FE11BCF400C002EA3F8 /* Configuration */ = {
			isa = PBXGroup;
			children = (
				31AC1FE21BCF400C002EA3F8 /* alchemy_endpoints.json */,
			);
			path = Configuration;
			sourceTree = "<group>";
		};
		31D661781BC21D2300506913 /* Models */ = {
			isa = PBXGroup;
			children = (
				31383DA51BCC7031001BF3CB /* CoreResponse.swift */,
				31383DA61BCC7031001BF3CB /* CoreResult.swift */,
				31383DAD1BCC71F6001BF3CB /* CoreResultStatus.swift */,
			);
			path = Models;
			sourceTree = "<group>";
		};
		7A1FCDC61BA9ED6A0090E1EB = {
			isa = PBXGroup;
			children = (
				7A1FCDD21BA9ED6A0090E1EB /* WatsonCore */,
				7A1FCDDE1BA9ED6A0090E1EB /* WatsonCoreTests */,
				7A1FCDD11BA9ED6A0090E1EB /* Products */,
			);
			sourceTree = "<group>";
		};
		7A1FCDD11BA9ED6A0090E1EB /* Products */ = {
			isa = PBXGroup;
			children = (
				7A1FCDD01BA9ED6A0090E1EB /* WatsonCore.framework */,
				7A1FCDDA1BA9ED6A0090E1EB /* WatsonCoreTests.xctest */,
			);
			name = Products;
			sourceTree = "<group>";
		};
		7A1FCDD21BA9ED6A0090E1EB /* WatsonCore */ = {
			isa = PBXGroup;
			children = (
				BD308EA61BCF0F570092763A /* Frameworks */,
				31AC1FDA1BCF3F87002EA3F8 /* Utilities */,
				31D661781BC21D2300506913 /* Models */,
				31AC1FE11BCF400C002EA3F8 /* Configuration */,
				7A1FCDD31BA9ED6A0090E1EB /* WatsonCore.h */,
				7A1FCDD51BA9ED6A0090E1EB /* Info.plist */,
				7AC3348E1BAC7FEA00F2C664 /* WatsonAuthentication.swift */,
				7A1FCDEA1BA9ED870090E1EB /* WatsonGateway.swift */,
				31CB9AFC1BCE90920077DEA1 /* Logger.swift */,
				BDBF45201BB1C4D300860301 /* NetworkUtils.swift */,
				31D661821BC21D4000506913 /* AlchemyCore.swift */,
				31D661841BC21E8100506913 /* AlchemyConstants.swift */,
				E1605B161BAB5FA70084A056 /* Endpoints.plist */,
			);
			path = WatsonCore;
			sourceTree = "<group>";
		};
		7A1FCDDE1BA9ED6A0090E1EB /* WatsonCoreTests */ = {
			isa = PBXGroup;
			children = (
				7A1FCDDF1BA9ED6A0090E1EB /* WatsonCoreTests.swift */,
				7A1FCDE11BA9ED6A0090E1EB /* Info.plist */,
			);
			path = WatsonCoreTests;
			sourceTree = "<group>";
		};
		BD308EA61BCF0F570092763A /* Frameworks */ = {
			isa = PBXGroup;
			children = (
				BD308EA71BCF0F570092763A /* Alamofire.framework */,
				BD308EA81BCF0F570092763A /* SwiftyJSON.framework */,
				BD308EA91BCF0F570092763A /* XCGLogger.framework */,
			);
			name = Frameworks;
			path = ../../Frameworks;
			sourceTree = "<group>";
		};
/* End PBXGroup section */

/* Begin PBXHeadersBuildPhase section */
		7A1FCDCD1BA9ED6A0090E1EB /* Headers */ = {
			isa = PBXHeadersBuildPhase;
			buildActionMask = 2147483647;
			files = (
				7A1FCDD41BA9ED6A0090E1EB /* WatsonCore.h in Headers */,
			);
			runOnlyForDeploymentPostprocessing = 0;
		};
/* End PBXHeadersBuildPhase section */

/* Begin PBXNativeTarget section */
		7A1FCDCF1BA9ED6A0090E1EB /* WatsonCore */ = {
			isa = PBXNativeTarget;
			buildConfigurationList = 7A1FCDE41BA9ED6A0090E1EB /* Build configuration list for PBXNativeTarget "WatsonCore" */;
			buildPhases = (
				7A1FCDCB1BA9ED6A0090E1EB /* Sources */,
				7A1FCDCC1BA9ED6A0090E1EB /* Frameworks */,
				7A1FCDCD1BA9ED6A0090E1EB /* Headers */,
				7A1FCDCE1BA9ED6A0090E1EB /* Resources */,
				BD308E681BCEDA480092763A /* ShellScript */,
				BD308E961BCF0C430092763A /* CopyFiles */,
			);
			buildRules = (
			);
			dependencies = (
			);
			name = WatsonCore;
			productName = WatsonCore;
			productReference = 7A1FCDD01BA9ED6A0090E1EB /* WatsonCore.framework */;
			productType = "com.apple.product-type.framework";
		};
		7A1FCDD91BA9ED6A0090E1EB /* WatsonCoreTests */ = {
			isa = PBXNativeTarget;
			buildConfigurationList = 7A1FCDE71BA9ED6A0090E1EB /* Build configuration list for PBXNativeTarget "WatsonCoreTests" */;
			buildPhases = (
				7A1FCDD61BA9ED6A0090E1EB /* Sources */,
				7A1FCDD71BA9ED6A0090E1EB /* Frameworks */,
				7A1FCDD81BA9ED6A0090E1EB /* Resources */,
			);
			buildRules = (
			);
			dependencies = (
				7A1FCDDD1BA9ED6A0090E1EB /* PBXTargetDependency */,
			);
			name = WatsonCoreTests;
			productName = WatsonCoreTests;
			productReference = 7A1FCDDA1BA9ED6A0090E1EB /* WatsonCoreTests.xctest */;
			productType = "com.apple.product-type.bundle.unit-test";
		};
/* End PBXNativeTarget section */

/* Begin PBXProject section */
		7A1FCDC71BA9ED6A0090E1EB /* Project object */ = {
			isa = PBXProject;
			attributes = {
				LastSwiftUpdateCheck = 0700;
				LastUpgradeCheck = 0700;
				ORGANIZATIONNAME = MIL;
				TargetAttributes = {
					7A1FCDCF1BA9ED6A0090E1EB = {
						CreatedOnToolsVersion = 7.0;
					};
					7A1FCDD91BA9ED6A0090E1EB = {
						CreatedOnToolsVersion = 7.0;
					};
				};
			};
			buildConfigurationList = 7A1FCDCA1BA9ED6A0090E1EB /* Build configuration list for PBXProject "WatsonCore" */;
			compatibilityVersion = "Xcode 3.2";
			developmentRegion = English;
			hasScannedForEncodings = 0;
			knownRegions = (
				en,
			);
			mainGroup = 7A1FCDC61BA9ED6A0090E1EB;
			productRefGroup = 7A1FCDD11BA9ED6A0090E1EB /* Products */;
			projectDirPath = "";
			projectRoot = "";
			targets = (
				7A1FCDCF1BA9ED6A0090E1EB /* WatsonCore */,
				7A1FCDD91BA9ED6A0090E1EB /* WatsonCoreTests */,
			);
		};
/* End PBXProject section */

/* Begin PBXResourcesBuildPhase section */
		7A1FCDCE1BA9ED6A0090E1EB /* Resources */ = {
			isa = PBXResourcesBuildPhase;
			buildActionMask = 2147483647;
			files = (
				31AC1FE31BCF400C002EA3F8 /* alchemy_endpoints.json in Resources */,
				E1605B171BAB5FA70084A056 /* Endpoints.plist in Resources */,
			);
			runOnlyForDeploymentPostprocessing = 0;
		};
		7A1FCDD81BA9ED6A0090E1EB /* Resources */ = {
			isa = PBXResourcesBuildPhase;
			buildActionMask = 2147483647;
			files = (
			);
			runOnlyForDeploymentPostprocessing = 0;
		};
/* End PBXResourcesBuildPhase section */

/* Begin PBXShellScriptBuildPhase section */
		BD308E681BCEDA480092763A /* ShellScript */ = {
			isa = PBXShellScriptBuildPhase;
			buildActionMask = 2147483647;
			files = (
			);
			inputPaths = (
			);
			outputPaths = (
			);
			runOnlyForDeploymentPostprocessing = 0;
			shellPath = /bin/sh;
			shellScript = "";
		};
/* End PBXShellScriptBuildPhase section */

/* Begin PBXSourcesBuildPhase section */
		7A1FCDCB1BA9ED6A0090E1EB /* Sources */ = {
			isa = PBXSourcesBuildPhase;
			buildActionMask = 2147483647;
			files = (
				31D661851BC21E8100506913 /* AlchemyConstants.swift in Sources */,
				31383DAE1BCC71F6001BF3CB /* CoreResultStatus.swift in Sources */,
				31AC1FDF1BCF3F87002EA3F8 /* Log.swift in Sources */,
				7A1FCDEB1BA9ED870090E1EB /* WatsonGateway.swift in Sources */,
				7AC3348F1BAC7FEA00F2C664 /* WatsonAuthentication.swift in Sources */,
				31D661831BC21D4000506913 /* AlchemyCore.swift in Sources */,
				31383DA71BCC7031001BF3CB /* CoreResponse.swift in Sources */,
				31CB9AFD1BCE90920077DEA1 /* Logger.swift in Sources */,
				BDBF45211BB1C4D300860301 /* NetworkUtils.swift in Sources */,
				31383DA81BCC7031001BF3CB /* CoreResult.swift in Sources */,
				31AC1FE01BCF3F87002EA3F8 /* Utils.swift in Sources */,
			);
			runOnlyForDeploymentPostprocessing = 0;
		};
		7A1FCDD61BA9ED6A0090E1EB /* Sources */ = {
			isa = PBXSourcesBuildPhase;
			buildActionMask = 2147483647;
			files = (
				7A1FCDE01BA9ED6A0090E1EB /* WatsonCoreTests.swift in Sources */,
			);
			runOnlyForDeploymentPostprocessing = 0;
		};
/* End PBXSourcesBuildPhase section */

/* Begin PBXTargetDependency section */
		7A1FCDDD1BA9ED6A0090E1EB /* PBXTargetDependency */ = {
			isa = PBXTargetDependency;
			target = 7A1FCDCF1BA9ED6A0090E1EB /* WatsonCore */;
			targetProxy = 7A1FCDDC1BA9ED6A0090E1EB /* PBXContainerItemProxy */;
		};
/* End PBXTargetDependency section */

/* Begin XCBuildConfiguration section */
		7A1FCDE21BA9ED6A0090E1EB /* Debug */ = {
			isa = XCBuildConfiguration;
			buildSettings = {
				ALWAYS_SEARCH_USER_PATHS = NO;
				CLANG_CXX_LANGUAGE_STANDARD = "gnu++0x";
				CLANG_CXX_LIBRARY = "libc++";
				CLANG_ENABLE_MODULES = YES;
				CLANG_ENABLE_OBJC_ARC = YES;
				CLANG_WARN_BOOL_CONVERSION = YES;
				CLANG_WARN_CONSTANT_CONVERSION = YES;
				CLANG_WARN_DIRECT_OBJC_ISA_USAGE = YES_ERROR;
				CLANG_WARN_EMPTY_BODY = YES;
				CLANG_WARN_ENUM_CONVERSION = YES;
				CLANG_WARN_INT_CONVERSION = YES;
				CLANG_WARN_OBJC_ROOT_CLASS = YES_ERROR;
				CLANG_WARN_UNREACHABLE_CODE = YES;
				CLANG_WARN__DUPLICATE_METHOD_MATCH = YES;
				"CODE_SIGN_IDENTITY[sdk=iphoneos*]" = "iPhone Developer";
				COPY_PHASE_STRIP = NO;
				CURRENT_PROJECT_VERSION = 1;
				DEBUG_INFORMATION_FORMAT = dwarf;
				ENABLE_STRICT_OBJC_MSGSEND = YES;
				ENABLE_TESTABILITY = YES;
				GCC_C_LANGUAGE_STANDARD = gnu99;
				GCC_DYNAMIC_NO_PIC = NO;
				GCC_NO_COMMON_BLOCKS = YES;
				GCC_OPTIMIZATION_LEVEL = 0;
				GCC_PREPROCESSOR_DEFINITIONS = (
					"DEBUG=1",
					"$(inherited)",
				);
				GCC_WARN_64_TO_32_BIT_CONVERSION = YES;
				GCC_WARN_ABOUT_RETURN_TYPE = YES_ERROR;
				GCC_WARN_UNDECLARED_SELECTOR = YES;
				GCC_WARN_UNINITIALIZED_AUTOS = YES_AGGRESSIVE;
				GCC_WARN_UNUSED_FUNCTION = YES;
				GCC_WARN_UNUSED_VARIABLE = YES;
				IPHONEOS_DEPLOYMENT_TARGET = 9.0;
				MTL_ENABLE_DEBUG_INFO = YES;
				ONLY_ACTIVE_ARCH = YES;
				SDKROOT = iphoneos;
				SWIFT_OPTIMIZATION_LEVEL = "-Onone";
				TARGETED_DEVICE_FAMILY = "1,2";
				VERSIONING_SYSTEM = "apple-generic";
				VERSION_INFO_PREFIX = "";
			};
			name = Debug;
		};
		7A1FCDE31BA9ED6A0090E1EB /* Release */ = {
			isa = XCBuildConfiguration;
			buildSettings = {
				ALWAYS_SEARCH_USER_PATHS = NO;
				CLANG_CXX_LANGUAGE_STANDARD = "gnu++0x";
				CLANG_CXX_LIBRARY = "libc++";
				CLANG_ENABLE_MODULES = YES;
				CLANG_ENABLE_OBJC_ARC = YES;
				CLANG_WARN_BOOL_CONVERSION = YES;
				CLANG_WARN_CONSTANT_CONVERSION = YES;
				CLANG_WARN_DIRECT_OBJC_ISA_USAGE = YES_ERROR;
				CLANG_WARN_EMPTY_BODY = YES;
				CLANG_WARN_ENUM_CONVERSION = YES;
				CLANG_WARN_INT_CONVERSION = YES;
				CLANG_WARN_OBJC_ROOT_CLASS = YES_ERROR;
				CLANG_WARN_UNREACHABLE_CODE = YES;
				CLANG_WARN__DUPLICATE_METHOD_MATCH = YES;
				"CODE_SIGN_IDENTITY[sdk=iphoneos*]" = "iPhone Developer";
				COPY_PHASE_STRIP = NO;
				CURRENT_PROJECT_VERSION = 1;
				DEBUG_INFORMATION_FORMAT = "dwarf-with-dsym";
				ENABLE_NS_ASSERTIONS = NO;
				ENABLE_STRICT_OBJC_MSGSEND = YES;
				GCC_C_LANGUAGE_STANDARD = gnu99;
				GCC_NO_COMMON_BLOCKS = YES;
				GCC_WARN_64_TO_32_BIT_CONVERSION = YES;
				GCC_WARN_ABOUT_RETURN_TYPE = YES_ERROR;
				GCC_WARN_UNDECLARED_SELECTOR = YES;
				GCC_WARN_UNINITIALIZED_AUTOS = YES_AGGRESSIVE;
				GCC_WARN_UNUSED_FUNCTION = YES;
				GCC_WARN_UNUSED_VARIABLE = YES;
				IPHONEOS_DEPLOYMENT_TARGET = 9.0;
				MTL_ENABLE_DEBUG_INFO = NO;
				SDKROOT = iphoneos;
				TARGETED_DEVICE_FAMILY = "1,2";
				VALIDATE_PRODUCT = YES;
				VERSIONING_SYSTEM = "apple-generic";
				VERSION_INFO_PREFIX = "";
			};
			name = Release;
		};
		7A1FCDE51BA9ED6A0090E1EB /* Debug */ = {
			isa = XCBuildConfiguration;
			buildSettings = {
				CLANG_ENABLE_MODULES = YES;
				DEFINES_MODULE = YES;
				DYLIB_COMPATIBILITY_VERSION = 1;
				DYLIB_CURRENT_VERSION = 1;
				DYLIB_INSTALL_NAME_BASE = "@rpath";
				FRAMEWORK_SEARCH_PATHS = (
					"$(inherited)",
					"$(PROJECT_DIR)/../Frameworks",
				);
				INFOPLIST_FILE = WatsonCore/Info.plist;
				INSTALL_PATH = "$(LOCAL_LIBRARY_DIR)/Frameworks";
				LD_RUNPATH_SEARCH_PATHS = "$(inherited) @executable_path/Frameworks @loader_path/Frameworks";
				New_Setting = "";
				OTHER_SWIFT_FLAGS = "-DDebug";
				PRODUCT_BUNDLE_IDENTIFIER = com.ibm.mil.WatsonCore;
				PRODUCT_NAME = "$(TARGET_NAME)";
				SKIP_INSTALL = YES;
				SWIFT_OPTIMIZATION_LEVEL = "-Onone";
			};
			name = Debug;
		};
		7A1FCDE61BA9ED6A0090E1EB /* Release */ = {
			isa = XCBuildConfiguration;
			buildSettings = {
				CLANG_ENABLE_MODULES = YES;
				DEFINES_MODULE = YES;
				DYLIB_COMPATIBILITY_VERSION = 1;
				DYLIB_CURRENT_VERSION = 1;
				DYLIB_INSTALL_NAME_BASE = "@rpath";
				FRAMEWORK_SEARCH_PATHS = (
					"$(inherited)",
					"$(PROJECT_DIR)/../Frameworks",
				);
				INFOPLIST_FILE = WatsonCore/Info.plist;
				INSTALL_PATH = "$(LOCAL_LIBRARY_DIR)/Frameworks";
				LD_RUNPATH_SEARCH_PATHS = "$(inherited) @executable_path/Frameworks @loader_path/Frameworks";
				New_Setting = "";
				PRODUCT_BUNDLE_IDENTIFIER = com.ibm.mil.WatsonCore;
				PRODUCT_NAME = "$(TARGET_NAME)";
				SKIP_INSTALL = YES;
			};
			name = Release;
		};
		7A1FCDE81BA9ED6A0090E1EB /* Debug */ = {
			isa = XCBuildConfiguration;
			buildSettings = {
				INFOPLIST_FILE = WatsonCoreTests/Info.plist;
				LD_RUNPATH_SEARCH_PATHS = "$(inherited) @executable_path/Frameworks @loader_path/Frameworks";
				PRODUCT_BUNDLE_IDENTIFIER = com.ibm.mil.WatsonCoreTests;
				PRODUCT_NAME = "$(TARGET_NAME)";
			};
			name = Debug;
		};
		7A1FCDE91BA9ED6A0090E1EB /* Release */ = {
			isa = XCBuildConfiguration;
			buildSettings = {
				INFOPLIST_FILE = WatsonCoreTests/Info.plist;
				LD_RUNPATH_SEARCH_PATHS = "$(inherited) @executable_path/Frameworks @loader_path/Frameworks";
				PRODUCT_BUNDLE_IDENTIFIER = com.ibm.mil.WatsonCoreTests;
				PRODUCT_NAME = "$(TARGET_NAME)";
			};
			name = Release;
		};
/* End XCBuildConfiguration section */

/* Begin XCConfigurationList section */
		7A1FCDCA1BA9ED6A0090E1EB /* Build configuration list for PBXProject "WatsonCore" */ = {
			isa = XCConfigurationList;
			buildConfigurations = (
				7A1FCDE21BA9ED6A0090E1EB /* Debug */,
				7A1FCDE31BA9ED6A0090E1EB /* Release */,
			);
			defaultConfigurationIsVisible = 0;
			defaultConfigurationName = Release;
		};
		7A1FCDE41BA9ED6A0090E1EB /* Build configuration list for PBXNativeTarget "WatsonCore" */ = {
			isa = XCConfigurationList;
			buildConfigurations = (
				7A1FCDE51BA9ED6A0090E1EB /* Debug */,
				7A1FCDE61BA9ED6A0090E1EB /* Release */,
			);
			defaultConfigurationIsVisible = 0;
			defaultConfigurationName = Release;
		};
		7A1FCDE71BA9ED6A0090E1EB /* Build configuration list for PBXNativeTarget "WatsonCoreTests" */ = {
			isa = XCConfigurationList;
			buildConfigurations = (
				7A1FCDE81BA9ED6A0090E1EB /* Debug */,
				7A1FCDE91BA9ED6A0090E1EB /* Release */,
			);
			defaultConfigurationIsVisible = 0;
			defaultConfigurationName = Release;
		};
/* End XCConfigurationList section */
	};
	rootObject = 7A1FCDC71BA9ED6A0090E1EB /* Project object */;
}
