// !$*UTF8*$!
{
	archiveVersion = 1;
	classes = {
	};
	objectVersion = 46;
	objects = {

/* Begin PBXBuildFile section */
		313B6A721C13A4EF0087F661 /* Credentials.plist in Resources */ = {isa = PBXBuildFile; fileRef = 313B6A711C13A4EF0087F661 /* Credentials.plist */; };
		7A1FCE251BA9F19A0090E1EB /* AppDelegate.swift in Sources */ = {isa = PBXBuildFile; fileRef = 7A1FCE241BA9F19A0090E1EB /* AppDelegate.swift */; };
		7A1FCE271BA9F19A0090E1EB /* ViewController.swift in Sources */ = {isa = PBXBuildFile; fileRef = 7A1FCE261BA9F19A0090E1EB /* ViewController.swift */; };
		7A1FCE2A1BA9F19A0090E1EB /* Main.storyboard in Resources */ = {isa = PBXBuildFile; fileRef = 7A1FCE281BA9F19A0090E1EB /* Main.storyboard */; };
		7A1FCE2C1BA9F19A0090E1EB /* Assets.xcassets in Resources */ = {isa = PBXBuildFile; fileRef = 7A1FCE2B1BA9F19A0090E1EB /* Assets.xcassets */; };
		7A1FCE2F1BA9F19A0090E1EB /* LaunchScreen.storyboard in Resources */ = {isa = PBXBuildFile; fileRef = 7A1FCE2D1BA9F19A0090E1EB /* LaunchScreen.storyboard */; };
		7A1FCE531BAA004D0090E1EB /* spain.wav in Resources */ = {isa = PBXBuildFile; fileRef = 7A1FCE521BAA004D0090E1EB /* spain.wav */; };
		7A1FCE7B1BAA01CB0090E1EB /* spain2.wav in Resources */ = {isa = PBXBuildFile; fileRef = 7A1FCE7A1BAA01CB0090E1EB /* spain2.wav */; };
		E1D5C3191BFD22C30030EBD9 /* WatsonSDK.framework in Frameworks */ = {isa = PBXBuildFile; fileRef = E1D5C3181BFD22C30030EBD9 /* WatsonSDK.framework */; };
/* End PBXBuildFile section */

/* Begin PBXFileReference section */
		313B6A711C13A4EF0087F661 /* Credentials.plist */ = {isa = PBXFileReference; fileEncoding = 4; lastKnownFileType = text.plist.xml; name = Credentials.plist; path = ../../../WatsonSDKTests/Credentials.plist; sourceTree = "<group>"; };
		7A1FCE211BA9F19A0090E1EB /* SpeechSynthesis.app */ = {isa = PBXFileReference; explicitFileType = wrapper.application; includeInIndex = 0; path = SpeechSynthesis.app; sourceTree = BUILT_PRODUCTS_DIR; };
		7A1FCE241BA9F19A0090E1EB /* AppDelegate.swift */ = {isa = PBXFileReference; lastKnownFileType = sourcecode.swift; path = AppDelegate.swift; sourceTree = "<group>"; };
		7A1FCE261BA9F19A0090E1EB /* ViewController.swift */ = {isa = PBXFileReference; lastKnownFileType = sourcecode.swift; path = ViewController.swift; sourceTree = "<group>"; };
		7A1FCE291BA9F19A0090E1EB /* Base */ = {isa = PBXFileReference; lastKnownFileType = file.storyboard; name = Base; path = Base.lproj/Main.storyboard; sourceTree = "<group>"; };
		7A1FCE2B1BA9F19A0090E1EB /* Assets.xcassets */ = {isa = PBXFileReference; lastKnownFileType = folder.assetcatalog; path = Assets.xcassets; sourceTree = "<group>"; };
		7A1FCE2E1BA9F19A0090E1EB /* Base */ = {isa = PBXFileReference; lastKnownFileType = file.storyboard; name = Base; path = Base.lproj/LaunchScreen.storyboard; sourceTree = "<group>"; };
		7A1FCE301BA9F19A0090E1EB /* Info.plist */ = {isa = PBXFileReference; lastKnownFileType = text.plist.xml; path = Info.plist; sourceTree = "<group>"; };
		7A1FCE521BAA004D0090E1EB /* spain.wav */ = {isa = PBXFileReference; lastKnownFileType = audio.wav; path = spain.wav; sourceTree = "<group>"; };
		7A1FCE7A1BAA01CB0090E1EB /* spain2.wav */ = {isa = PBXFileReference; lastKnownFileType = audio.wav; path = spain2.wav; sourceTree = "<group>"; };
		E1D5C3181BFD22C30030EBD9 /* WatsonSDK.framework */ = {isa = PBXFileReference; lastKnownFileType = wrapper.framework; name = WatsonSDK.framework; path = ExternalFrameworks/WatsonSDK.framework; sourceTree = "<group>"; };
/* End PBXFileReference section */

/* Begin PBXFrameworksBuildPhase section */
		7A1FCE1E1BA9F19A0090E1EB /* Frameworks */ = {
			isa = PBXFrameworksBuildPhase;
			buildActionMask = 2147483647;
			files = (
				E1D5C3191BFD22C30030EBD9 /* WatsonSDK.framework in Frameworks */,
			);
			runOnlyForDeploymentPostprocessing = 0;
		};
/* End PBXFrameworksBuildPhase section */

/* Begin PBXGroup section */
		7A1FCE181BA9F19A0090E1EB = {
			isa = PBXGroup;
			children = (
				7A1FCE231BA9F19A0090E1EB /* SpeechSynthesis */,
				7A1FCE221BA9F19A0090E1EB /* Products */,
			);
			sourceTree = "<group>";
		};
		7A1FCE221BA9F19A0090E1EB /* Products */ = {
			isa = PBXGroup;
			children = (
				7A1FCE211BA9F19A0090E1EB /* SpeechSynthesis.app */,
			);
			name = Products;
			sourceTree = "<group>";
		};
		7A1FCE231BA9F19A0090E1EB /* SpeechSynthesis */ = {
			isa = PBXGroup;
			children = (
				313B6A711C13A4EF0087F661 /* Credentials.plist */,
				E1D5C3181BFD22C30030EBD9 /* WatsonSDK.framework */,
				7A1FCE241BA9F19A0090E1EB /* AppDelegate.swift */,
				7A1FCE261BA9F19A0090E1EB /* ViewController.swift */,
				7A1FCE281BA9F19A0090E1EB /* Main.storyboard */,
				7A1FCE521BAA004D0090E1EB /* spain.wav */,
				7A1FCE7A1BAA01CB0090E1EB /* spain2.wav */,
				7A1FCE2B1BA9F19A0090E1EB /* Assets.xcassets */,
				7A1FCE2D1BA9F19A0090E1EB /* LaunchScreen.storyboard */,
				7A1FCE301BA9F19A0090E1EB /* Info.plist */,
			);
			path = SpeechSynthesis;
			sourceTree = "<group>";
		};
/* End PBXGroup section */

/* Begin PBXNativeTarget section */
		7A1FCE201BA9F19A0090E1EB /* SpeechSynthesis */ = {
			isa = PBXNativeTarget;
			buildConfigurationList = 7A1FCE491BA9F19A0090E1EB /* Build configuration list for PBXNativeTarget "SpeechSynthesis" */;
			buildPhases = (
				7A1FCE1D1BA9F19A0090E1EB /* Sources */,
				7A1FCE1E1BA9F19A0090E1EB /* Frameworks */,
				7A1FCE1F1BA9F19A0090E1EB /* Resources */,
			);
			buildRules = (
			);
			dependencies = (
			);
			name = SpeechSynthesis;
			productName = SpeechSynthesis;
			productReference = 7A1FCE211BA9F19A0090E1EB /* SpeechSynthesis.app */;
			productType = "com.apple.product-type.application";
		};
/* End PBXNativeTarget section */

/* Begin PBXProject section */
		7A1FCE191BA9F19A0090E1EB /* Project object */ = {
			isa = PBXProject;
			attributes = {
				LastSwiftUpdateCheck = 0710;
				LastUpgradeCheck = 0700;
				ORGANIZATIONNAME = MIL;
				TargetAttributes = {
					7A1FCE201BA9F19A0090E1EB = {
						CreatedOnToolsVersion = 7.0;
						DevelopmentTeam = 57U96AW229;
					};
				};
			};
			buildConfigurationList = 7A1FCE1C1BA9F19A0090E1EB /* Build configuration list for PBXProject "SpeechSynthesis" */;
			compatibilityVersion = "Xcode 3.2";
			developmentRegion = English;
			hasScannedForEncodings = 0;
			knownRegions = (
				en,
				Base,
			);
			mainGroup = 7A1FCE181BA9F19A0090E1EB;
			productRefGroup = 7A1FCE221BA9F19A0090E1EB /* Products */;
			projectDirPath = "";
			projectRoot = "";
			targets = (
				7A1FCE201BA9F19A0090E1EB /* SpeechSynthesis */,
			);
		};
/* End PBXProject section */

/* Begin PBXResourcesBuildPhase section */
		7A1FCE1F1BA9F19A0090E1EB /* Resources */ = {
			isa = PBXResourcesBuildPhase;
			buildActionMask = 2147483647;
			files = (
				7A1FCE7B1BAA01CB0090E1EB /* spain2.wav in Resources */,
				7A1FCE531BAA004D0090E1EB /* spain.wav in Resources */,
				7A1FCE2F1BA9F19A0090E1EB /* LaunchScreen.storyboard in Resources */,
				313B6A721C13A4EF0087F661 /* Credentials.plist in Resources */,
				7A1FCE2C1BA9F19A0090E1EB /* Assets.xcassets in Resources */,
				7A1FCE2A1BA9F19A0090E1EB /* Main.storyboard in Resources */,
			);
			runOnlyForDeploymentPostprocessing = 0;
		};
/* End PBXResourcesBuildPhase section */

/* Begin PBXSourcesBuildPhase section */
		7A1FCE1D1BA9F19A0090E1EB /* Sources */ = {
			isa = PBXSourcesBuildPhase;
			buildActionMask = 2147483647;
			files = (
				7A1FCE271BA9F19A0090E1EB /* ViewController.swift in Sources */,
				7A1FCE251BA9F19A0090E1EB /* AppDelegate.swift in Sources */,
			);
			runOnlyForDeploymentPostprocessing = 0;
		};
/* End PBXSourcesBuildPhase section */

/* Begin PBXVariantGroup section */
		7A1FCE281BA9F19A0090E1EB /* Main.storyboard */ = {
			isa = PBXVariantGroup;
			children = (
				7A1FCE291BA9F19A0090E1EB /* Base */,
			);
			name = Main.storyboard;
			sourceTree = "<group>";
		};
		7A1FCE2D1BA9F19A0090E1EB /* LaunchScreen.storyboard */ = {
			isa = PBXVariantGroup;
			children = (
				7A1FCE2E1BA9F19A0090E1EB /* Base */,
			);
			name = LaunchScreen.storyboard;
			sourceTree = "<group>";
		};
/* End PBXVariantGroup section */

/* Begin XCBuildConfiguration section */
		7A1FCE471BA9F19A0090E1EB /* Debug */ = {
			isa = XCBuildConfiguration;
			buildSettings = {
				ALWAYS_SEARCH_USER_PATHS = NO;
				CLANG_CXX_LANGUAGE_STANDARD = "gnu++0x";
				CLANG_CXX_LIBRARY = "libc++";
				CLANG_ENABLE_MODULES = YES;
				CLANG_ENABLE_OBJC_ARC = YES;
				CLANG_WARN_BOOL_CONVERSION = YES;
				CLANG_WARN_CONSTANT_CONVERSION = YES;
				CLANG_WARN_DIRECT_OBJC_ISA_USAGE = YES_ERROR;
				CLANG_WARN_EMPTY_BODY = YES;
				CLANG_WARN_ENUM_CONVERSION = YES;
				CLANG_WARN_INT_CONVERSION = YES;
				CLANG_WARN_OBJC_ROOT_CLASS = YES_ERROR;
				CLANG_WARN_UNREACHABLE_CODE = YES;
				CLANG_WARN__DUPLICATE_METHOD_MATCH = YES;
				"CODE_SIGN_IDENTITY[sdk=iphoneos*]" = "iPhone Developer";
				COPY_PHASE_STRIP = NO;
				DEBUG_INFORMATION_FORMAT = dwarf;
				ENABLE_STRICT_OBJC_MSGSEND = YES;
				ENABLE_TESTABILITY = YES;
				GCC_C_LANGUAGE_STANDARD = gnu99;
				GCC_DYNAMIC_NO_PIC = NO;
				GCC_NO_COMMON_BLOCKS = YES;
				GCC_OPTIMIZATION_LEVEL = 0;
				GCC_PREPROCESSOR_DEFINITIONS = (
					"DEBUG=1",
					"$(inherited)",
				);
				GCC_WARN_64_TO_32_BIT_CONVERSION = YES;
				GCC_WARN_ABOUT_RETURN_TYPE = YES_ERROR;
				GCC_WARN_UNDECLARED_SELECTOR = YES;
				GCC_WARN_UNINITIALIZED_AUTOS = YES_AGGRESSIVE;
				GCC_WARN_UNUSED_FUNCTION = YES;
				GCC_WARN_UNUSED_VARIABLE = YES;
				IPHONEOS_DEPLOYMENT_TARGET = 9.0;
				MTL_ENABLE_DEBUG_INFO = YES;
				ONLY_ACTIVE_ARCH = YES;
				SDKROOT = iphoneos;
				SWIFT_OPTIMIZATION_LEVEL = "-Onone";
				TARGETED_DEVICE_FAMILY = "1,2";
			};
			name = Debug;
		};
		7A1FCE481BA9F19A0090E1EB /* Release */ = {
			isa = XCBuildConfiguration;
			buildSettings = {
				ALWAYS_SEARCH_USER_PATHS = NO;
				CLANG_CXX_LANGUAGE_STANDARD = "gnu++0x";
				CLANG_CXX_LIBRARY = "libc++";
				CLANG_ENABLE_MODULES = YES;
				CLANG_ENABLE_OBJC_ARC = YES;
				CLANG_WARN_BOOL_CONVERSION = YES;
				CLANG_WARN_CONSTANT_CONVERSION = YES;
				CLANG_WARN_DIRECT_OBJC_ISA_USAGE = YES_ERROR;
				CLANG_WARN_EMPTY_BODY = YES;
				CLANG_WARN_ENUM_CONVERSION = YES;
				CLANG_WARN_INT_CONVERSION = YES;
				CLANG_WARN_OBJC_ROOT_CLASS = YES_ERROR;
				CLANG_WARN_UNREACHABLE_CODE = YES;
				CLANG_WARN__DUPLICATE_METHOD_MATCH = YES;
				"CODE_SIGN_IDENTITY[sdk=iphoneos*]" = "iPhone Developer";
				COPY_PHASE_STRIP = NO;
				DEBUG_INFORMATION_FORMAT = "dwarf-with-dsym";
				ENABLE_NS_ASSERTIONS = NO;
				ENABLE_STRICT_OBJC_MSGSEND = YES;
				GCC_C_LANGUAGE_STANDARD = gnu99;
				GCC_NO_COMMON_BLOCKS = YES;
				GCC_WARN_64_TO_32_BIT_CONVERSION = YES;
				GCC_WARN_ABOUT_RETURN_TYPE = YES_ERROR;
				GCC_WARN_UNDECLARED_SELECTOR = YES;
				GCC_WARN_UNINITIALIZED_AUTOS = YES_AGGRESSIVE;
				GCC_WARN_UNUSED_FUNCTION = YES;
				GCC_WARN_UNUSED_VARIABLE = YES;
				IPHONEOS_DEPLOYMENT_TARGET = 9.0;
				MTL_ENABLE_DEBUG_INFO = NO;
				SDKROOT = iphoneos;
				TARGETED_DEVICE_FAMILY = "1,2";
				VALIDATE_PRODUCT = YES;
			};
			name = Release;
		};
		7A1FCE4A1BA9F19A0090E1EB /* Debug */ = {
			isa = XCBuildConfiguration;
			buildSettings = {
				ASSETCATALOG_COMPILER_APPICON_NAME = AppIcon;
				CODE_SIGN_IDENTITY = "iPhone Developer";
				FRAMEWORK_SEARCH_PATHS = (
					"$(inherited)",
					"$(PROJECT_DIR)/../../Carthage/Build/iOS",
					"$(PROJECT_DIR)",
				);
				INFOPLIST_FILE = SpeechSynthesis/Info.plist;
				IPHONEOS_DEPLOYMENT_TARGET = 9.1;
				LD_RUNPATH_SEARCH_PATHS = "$(inherited) @executable_path/Frameworks";
				PRODUCT_BUNDLE_IDENTIFIER = com.ibm.mil.SpeechSynthesis;
				PRODUCT_NAME = "$(TARGET_NAME)";
				TARGETED_DEVICE_FAMILY = "1,2";
			};
			name = Debug;
		};
		7A1FCE4B1BA9F19A0090E1EB /* Release */ = {
			isa = XCBuildConfiguration;
			buildSettings = {
				ASSETCATALOG_COMPILER_APPICON_NAME = AppIcon;
				CODE_SIGN_IDENTITY = "iPhone Developer";
				FRAMEWORK_SEARCH_PATHS = (
					"$(inherited)",
					"$(PROJECT_DIR)/../../Carthage/Build/iOS",
					"$(PROJECT_DIR)",
				);
				INFOPLIST_FILE = SpeechSynthesis/Info.plist;
				IPHONEOS_DEPLOYMENT_TARGET = 9.1;
				LD_RUNPATH_SEARCH_PATHS = "$(inherited) @executable_path/Frameworks";
				PRODUCT_BUNDLE_IDENTIFIER = com.ibm.mil.SpeechSynthesis;
				PRODUCT_NAME = "$(TARGET_NAME)";
				TARGETED_DEVICE_FAMILY = "1,2";
			};
			name = Release;
		};
/* End XCBuildConfiguration section */

/* Begin XCConfigurationList section */
		7A1FCE1C1BA9F19A0090E1EB /* Build configuration list for PBXProject "SpeechSynthesis" */ = {
			isa = XCConfigurationList;
			buildConfigurations = (
				7A1FCE471BA9F19A0090E1EB /* Debug */,
				7A1FCE481BA9F19A0090E1EB /* Release */,
			);
			defaultConfigurationIsVisible = 0;
			defaultConfigurationName = Release;
		};
		7A1FCE491BA9F19A0090E1EB /* Build configuration list for PBXNativeTarget "SpeechSynthesis" */ = {
			isa = XCConfigurationList;
			buildConfigurations = (
				7A1FCE4A1BA9F19A0090E1EB /* Debug */,
				7A1FCE4B1BA9F19A0090E1EB /* Release */,
			);
			defaultConfigurationIsVisible = 0;
			defaultConfigurationName = Release;
		};
/* End XCConfigurationList section */
	};
	rootObject = 7A1FCE191BA9F19A0090E1EB /* Project object */;
}
