// !$*UTF8*$!
{
	archiveVersion = 1;
	classes = {
	};
	objectVersion = 46;
	objects = {

/* Begin PBXBuildFile section */
		7AA9F9C01B9BD4AA00554EF0 /* AppDelegate.swift in Sources */ = {isa = PBXBuildFile; fileRef = 7AA9F9BF1B9BD4AA00554EF0 /* AppDelegate.swift */; };
		7AA9F9C21B9BD4AA00554EF0 /* ViewController.swift in Sources */ = {isa = PBXBuildFile; fileRef = 7AA9F9C11B9BD4AA00554EF0 /* ViewController.swift */; };
		7AA9F9C51B9BD4AA00554EF0 /* Main.storyboard in Resources */ = {isa = PBXBuildFile; fileRef = 7AA9F9C31B9BD4AA00554EF0 /* Main.storyboard */; };
		7AA9F9C71B9BD4AA00554EF0 /* Images.xcassets in Resources */ = {isa = PBXBuildFile; fileRef = 7AA9F9C61B9BD4AA00554EF0 /* Images.xcassets */; };
		7AA9F9CA1B9BD4AA00554EF0 /* LaunchScreen.xib in Resources */ = {isa = PBXBuildFile; fileRef = 7AA9F9C81B9BD4AA00554EF0 /* LaunchScreen.xib */; };
		7AA9F9D61B9BD4AA00554EF0 /* SpeechToTextTests.swift in Sources */ = {isa = PBXBuildFile; fileRef = 7AA9F9D51B9BD4AA00554EF0 /* SpeechToTextTests.swift */; };
		7AA9F9EA1B9BD51900554EF0 /* Alamofire.swift in Sources */ = {isa = PBXBuildFile; fileRef = 7AA9F9E01B9BD51900554EF0 /* Alamofire.swift */; };
		7AA9F9EB1B9BD51900554EF0 /* Download.swift in Sources */ = {isa = PBXBuildFile; fileRef = 7AA9F9E11B9BD51900554EF0 /* Download.swift */; };
		7AA9F9EC1B9BD51900554EF0 /* Manager.swift in Sources */ = {isa = PBXBuildFile; fileRef = 7AA9F9E21B9BD51900554EF0 /* Manager.swift */; };
		7AA9F9ED1B9BD51900554EF0 /* MultipartFormData.swift in Sources */ = {isa = PBXBuildFile; fileRef = 7AA9F9E31B9BD51900554EF0 /* MultipartFormData.swift */; };
		7AA9F9EE1B9BD51900554EF0 /* ParameterEncoding.swift in Sources */ = {isa = PBXBuildFile; fileRef = 7AA9F9E41B9BD51900554EF0 /* ParameterEncoding.swift */; };
		7AA9F9EF1B9BD51900554EF0 /* Request.swift in Sources */ = {isa = PBXBuildFile; fileRef = 7AA9F9E51B9BD51900554EF0 /* Request.swift */; };
		7AA9F9F01B9BD51900554EF0 /* ResponseSerialization.swift in Sources */ = {isa = PBXBuildFile; fileRef = 7AA9F9E61B9BD51900554EF0 /* ResponseSerialization.swift */; };
		7AA9F9F11B9BD51900554EF0 /* ServerTrustPolicy.swift in Sources */ = {isa = PBXBuildFile; fileRef = 7AA9F9E71B9BD51900554EF0 /* ServerTrustPolicy.swift */; };
		7AA9F9F21B9BD51900554EF0 /* Upload.swift in Sources */ = {isa = PBXBuildFile; fileRef = 7AA9F9E81B9BD51900554EF0 /* Upload.swift */; };
		7AA9F9F31B9BD51900554EF0 /* Validation.swift in Sources */ = {isa = PBXBuildFile; fileRef = 7AA9F9E91B9BD51900554EF0 /* Validation.swift */; };
/* End PBXBuildFile section */

/* Begin PBXContainerItemProxy section */
		7AA9F9D01B9BD4AA00554EF0 /* PBXContainerItemProxy */ = {
			isa = PBXContainerItemProxy;
			containerPortal = 7AA9F9B21B9BD4AA00554EF0 /* Project object */;
			proxyType = 1;
			remoteGlobalIDString = 7AA9F9B91B9BD4AA00554EF0;
			remoteInfo = SpeechToText;
		};
/* End PBXContainerItemProxy section */

/* Begin PBXFileReference section */
		7AA9F9BA1B9BD4AA00554EF0 /* SpeechToText.app */ = {isa = PBXFileReference; explicitFileType = wrapper.application; includeInIndex = 0; path = SpeechToText.app; sourceTree = BUILT_PRODUCTS_DIR; };
		7AA9F9BE1B9BD4AA00554EF0 /* Info.plist */ = {isa = PBXFileReference; lastKnownFileType = text.plist.xml; path = Info.plist; sourceTree = "<group>"; };
		7AA9F9BF1B9BD4AA00554EF0 /* AppDelegate.swift */ = {isa = PBXFileReference; lastKnownFileType = sourcecode.swift; path = AppDelegate.swift; sourceTree = "<group>"; };
		7AA9F9C11B9BD4AA00554EF0 /* ViewController.swift */ = {isa = PBXFileReference; lastKnownFileType = sourcecode.swift; path = ViewController.swift; sourceTree = "<group>"; };
		7AA9F9C41B9BD4AA00554EF0 /* Base */ = {isa = PBXFileReference; lastKnownFileType = file.storyboard; name = Base; path = Base.lproj/Main.storyboard; sourceTree = "<group>"; };
		7AA9F9C61B9BD4AA00554EF0 /* Images.xcassets */ = {isa = PBXFileReference; lastKnownFileType = folder.assetcatalog; path = Images.xcassets; sourceTree = "<group>"; };
		7AA9F9C91B9BD4AA00554EF0 /* Base */ = {isa = PBXFileReference; lastKnownFileType = file.xib; name = Base; path = Base.lproj/LaunchScreen.xib; sourceTree = "<group>"; };
		7AA9F9CF1B9BD4AA00554EF0 /* SpeechToTextTests.xctest */ = {isa = PBXFileReference; explicitFileType = wrapper.cfbundle; includeInIndex = 0; path = SpeechToTextTests.xctest; sourceTree = BUILT_PRODUCTS_DIR; };
		7AA9F9D41B9BD4AA00554EF0 /* Info.plist */ = {isa = PBXFileReference; lastKnownFileType = text.plist.xml; path = Info.plist; sourceTree = "<group>"; };
		7AA9F9D51B9BD4AA00554EF0 /* SpeechToTextTests.swift */ = {isa = PBXFileReference; lastKnownFileType = sourcecode.swift; path = SpeechToTextTests.swift; sourceTree = "<group>"; };
		7AA9F9DF1B9BD51900554EF0 /* Alamofire.h */ = {isa = PBXFileReference; fileEncoding = 4; lastKnownFileType = sourcecode.c.h; path = Alamofire.h; sourceTree = "<group>"; };
		7AA9F9E01B9BD51900554EF0 /* Alamofire.swift */ = {isa = PBXFileReference; fileEncoding = 4; lastKnownFileType = sourcecode.swift; path = Alamofire.swift; sourceTree = "<group>"; };
		7AA9F9E11B9BD51900554EF0 /* Download.swift */ = {isa = PBXFileReference; fileEncoding = 4; lastKnownFileType = sourcecode.swift; path = Download.swift; sourceTree = "<group>"; };
		7AA9F9E21B9BD51900554EF0 /* Manager.swift */ = {isa = PBXFileReference; fileEncoding = 4; lastKnownFileType = sourcecode.swift; path = Manager.swift; sourceTree = "<group>"; };
		7AA9F9E31B9BD51900554EF0 /* MultipartFormData.swift */ = {isa = PBXFileReference; fileEncoding = 4; lastKnownFileType = sourcecode.swift; path = MultipartFormData.swift; sourceTree = "<group>"; };
		7AA9F9E41B9BD51900554EF0 /* ParameterEncoding.swift */ = {isa = PBXFileReference; fileEncoding = 4; lastKnownFileType = sourcecode.swift; path = ParameterEncoding.swift; sourceTree = "<group>"; };
		7AA9F9E51B9BD51900554EF0 /* Request.swift */ = {isa = PBXFileReference; fileEncoding = 4; lastKnownFileType = sourcecode.swift; path = Request.swift; sourceTree = "<group>"; };
		7AA9F9E61B9BD51900554EF0 /* ResponseSerialization.swift */ = {isa = PBXFileReference; fileEncoding = 4; lastKnownFileType = sourcecode.swift; path = ResponseSerialization.swift; sourceTree = "<group>"; };
		7AA9F9E71B9BD51900554EF0 /* ServerTrustPolicy.swift */ = {isa = PBXFileReference; fileEncoding = 4; lastKnownFileType = sourcecode.swift; path = ServerTrustPolicy.swift; sourceTree = "<group>"; };
		7AA9F9E81B9BD51900554EF0 /* Upload.swift */ = {isa = PBXFileReference; fileEncoding = 4; lastKnownFileType = sourcecode.swift; path = Upload.swift; sourceTree = "<group>"; };
		7AA9F9E91B9BD51900554EF0 /* Validation.swift */ = {isa = PBXFileReference; fileEncoding = 4; lastKnownFileType = sourcecode.swift; path = Validation.swift; sourceTree = "<group>"; };
/* End PBXFileReference section */

/* Begin PBXFrameworksBuildPhase section */
		7AA9F9B71B9BD4AA00554EF0 /* Frameworks */ = {
			isa = PBXFrameworksBuildPhase;
			buildActionMask = 2147483647;
			files = (
			);
			runOnlyForDeploymentPostprocessing = 0;
		};
		7AA9F9CC1B9BD4AA00554EF0 /* Frameworks */ = {
			isa = PBXFrameworksBuildPhase;
			buildActionMask = 2147483647;
			files = (
			);
			runOnlyForDeploymentPostprocessing = 0;
		};
/* End PBXFrameworksBuildPhase section */

/* Begin PBXGroup section */
		7AA9F9B11B9BD4AA00554EF0 = {
			isa = PBXGroup;
			children = (
				7AA9F9BC1B9BD4AA00554EF0 /* SpeechToText */,
				7AA9F9D21B9BD4AA00554EF0 /* SpeechToTextTests */,
				7AA9F9BB1B9BD4AA00554EF0 /* Products */,
			);
			sourceTree = "<group>";
		};
		7AA9F9BB1B9BD4AA00554EF0 /* Products */ = {
			isa = PBXGroup;
			children = (
				7AA9F9BA1B9BD4AA00554EF0 /* SpeechToText.app */,
				7AA9F9CF1B9BD4AA00554EF0 /* SpeechToTextTests.xctest */,
			);
			name = Products;
			sourceTree = "<group>";
		};
		7AA9F9BC1B9BD4AA00554EF0 /* SpeechToText */ = {
			isa = PBXGroup;
			children = (
				7AA9F9F41B9BD52200554EF0 /* Alamofire */,
				7AA9F9BF1B9BD4AA00554EF0 /* AppDelegate.swift */,
				7AA9F9C11B9BD4AA00554EF0 /* ViewController.swift */,
				7AA9F9C31B9BD4AA00554EF0 /* Main.storyboard */,
				7AA9F9C61B9BD4AA00554EF0 /* Images.xcassets */,
				7AA9F9C81B9BD4AA00554EF0 /* LaunchScreen.xib */,
				7AA9F9BD1B9BD4AA00554EF0 /* Supporting Files */,
			);
			path = SpeechToText;
			sourceTree = "<group>";
		};
		7AA9F9BD1B9BD4AA00554EF0 /* Supporting Files */ = {
			isa = PBXGroup;
			children = (
				7AA9F9BE1B9BD4AA00554EF0 /* Info.plist */,
			);
			name = "Supporting Files";
			sourceTree = "<group>";
		};
		7AA9F9D21B9BD4AA00554EF0 /* SpeechToTextTests */ = {
			isa = PBXGroup;
			children = (
				7AA9F9D51B9BD4AA00554EF0 /* SpeechToTextTests.swift */,
				7AA9F9D31B9BD4AA00554EF0 /* Supporting Files */,
			);
			path = SpeechToTextTests;
			sourceTree = "<group>";
		};
		7AA9F9D31B9BD4AA00554EF0 /* Supporting Files */ = {
			isa = PBXGroup;
			children = (
				7AA9F9D41B9BD4AA00554EF0 /* Info.plist */,
			);
			name = "Supporting Files";
			sourceTree = "<group>";
		};
		7AA9F9F41B9BD52200554EF0 /* Alamofire */ = {
			isa = PBXGroup;
			children = (
				7AA9F9DF1B9BD51900554EF0 /* Alamofire.h */,
				7AA9F9E01B9BD51900554EF0 /* Alamofire.swift */,
				7AA9F9E11B9BD51900554EF0 /* Download.swift */,
				7AA9F9E21B9BD51900554EF0 /* Manager.swift */,
				7AA9F9E31B9BD51900554EF0 /* MultipartFormData.swift */,
				7AA9F9E41B9BD51900554EF0 /* ParameterEncoding.swift */,
				7AA9F9E51B9BD51900554EF0 /* Request.swift */,
				7AA9F9E61B9BD51900554EF0 /* ResponseSerialization.swift */,
				7AA9F9E71B9BD51900554EF0 /* ServerTrustPolicy.swift */,
				7AA9F9E81B9BD51900554EF0 /* Upload.swift */,
				7AA9F9E91B9BD51900554EF0 /* Validation.swift */,
			);
			name = Alamofire;
			sourceTree = "<group>";
		};
/* End PBXGroup section */

/* Begin PBXNativeTarget section */
		7AA9F9B91B9BD4AA00554EF0 /* SpeechToText */ = {
			isa = PBXNativeTarget;
			buildConfigurationList = 7AA9F9D91B9BD4AA00554EF0 /* Build configuration list for PBXNativeTarget "SpeechToText" */;
			buildPhases = (
				7AA9F9B61B9BD4AA00554EF0 /* Sources */,
				7AA9F9B71B9BD4AA00554EF0 /* Frameworks */,
				7AA9F9B81B9BD4AA00554EF0 /* Resources */,
			);
			buildRules = (
			);
			dependencies = (
			);
			name = SpeechToText;
			productName = SpeechToText;
			productReference = 7AA9F9BA1B9BD4AA00554EF0 /* SpeechToText.app */;
			productType = "com.apple.product-type.application";
		};
		7AA9F9CE1B9BD4AA00554EF0 /* SpeechToTextTests */ = {
			isa = PBXNativeTarget;
			buildConfigurationList = 7AA9F9DC1B9BD4AA00554EF0 /* Build configuration list for PBXNativeTarget "SpeechToTextTests" */;
			buildPhases = (
				7AA9F9CB1B9BD4AA00554EF0 /* Sources */,
				7AA9F9CC1B9BD4AA00554EF0 /* Frameworks */,
				7AA9F9CD1B9BD4AA00554EF0 /* Resources */,
			);
			buildRules = (
			);
			dependencies = (
				7AA9F9D11B9BD4AA00554EF0 /* PBXTargetDependency */,
			);
			name = SpeechToTextTests;
			productName = SpeechToTextTests;
			productReference = 7AA9F9CF1B9BD4AA00554EF0 /* SpeechToTextTests.xctest */;
			productType = "com.apple.product-type.bundle.unit-test";
		};
/* End PBXNativeTarget section */

/* Begin PBXProject section */
		7AA9F9B21B9BD4AA00554EF0 /* Project object */ = {
			isa = PBXProject;
			attributes = {
				LastUpgradeCheck = 0640;
				ORGANIZATIONNAME = MIL;
				TargetAttributes = {
					7AA9F9B91B9BD4AA00554EF0 = {
						CreatedOnToolsVersion = 6.4;
					};
					7AA9F9CE1B9BD4AA00554EF0 = {
						CreatedOnToolsVersion = 6.4;
						TestTargetID = 7AA9F9B91B9BD4AA00554EF0;
					};
				};
			};
			buildConfigurationList = 7AA9F9B51B9BD4AA00554EF0 /* Build configuration list for PBXProject "SpeechToText" */;
			compatibilityVersion = "Xcode 3.2";
			developmentRegion = English;
			hasScannedForEncodings = 0;
			knownRegions = (
				en,
				Base,
			);
			mainGroup = 7AA9F9B11B9BD4AA00554EF0;
			productRefGroup = 7AA9F9BB1B9BD4AA00554EF0 /* Products */;
			projectDirPath = "";
			projectRoot = "";
			targets = (
				7AA9F9B91B9BD4AA00554EF0 /* SpeechToText */,
				7AA9F9CE1B9BD4AA00554EF0 /* SpeechToTextTests */,
			);
		};
/* End PBXProject section */

/* Begin PBXResourcesBuildPhase section */
		7AA9F9B81B9BD4AA00554EF0 /* Resources */ = {
			isa = PBXResourcesBuildPhase;
			buildActionMask = 2147483647;
			files = (
				7AA9F9C51B9BD4AA00554EF0 /* Main.storyboard in Resources */,
				7AA9F9CA1B9BD4AA00554EF0 /* LaunchScreen.xib in Resources */,
				7AA9F9C71B9BD4AA00554EF0 /* Images.xcassets in Resources */,
			);
			runOnlyForDeploymentPostprocessing = 0;
		};
		7AA9F9CD1B9BD4AA00554EF0 /* Resources */ = {
			isa = PBXResourcesBuildPhase;
			buildActionMask = 2147483647;
			files = (
			);
			runOnlyForDeploymentPostprocessing = 0;
		};
/* End PBXResourcesBuildPhase section */

/* Begin PBXSourcesBuildPhase section */
		7AA9F9B61B9BD4AA00554EF0 /* Sources */ = {
			isa = PBXSourcesBuildPhase;
			buildActionMask = 2147483647;
			files = (
				7AA9F9EE1B9BD51900554EF0 /* ParameterEncoding.swift in Sources */,
				7AA9F9EF1B9BD51900554EF0 /* Request.swift in Sources */,
				7AA9F9ED1B9BD51900554EF0 /* MultipartFormData.swift in Sources */,
				7AA9F9EA1B9BD51900554EF0 /* Alamofire.swift in Sources */,
				7AA9F9F01B9BD51900554EF0 /* ResponseSerialization.swift in Sources */,
				7AA9F9F21B9BD51900554EF0 /* Upload.swift in Sources */,
				7AA9F9EB1B9BD51900554EF0 /* Download.swift in Sources */,
				7AA9F9C21B9BD4AA00554EF0 /* ViewController.swift in Sources */,
				7AA9F9F11B9BD51900554EF0 /* ServerTrustPolicy.swift in Sources */,
				7AA9F9C01B9BD4AA00554EF0 /* AppDelegate.swift in Sources */,
				7AA9F9F31B9BD51900554EF0 /* Validation.swift in Sources */,
				7AA9F9EC1B9BD51900554EF0 /* Manager.swift in Sources */,
			);
			runOnlyForDeploymentPostprocessing = 0;
		};
		7AA9F9CB1B9BD4AA00554EF0 /* Sources */ = {
			isa = PBXSourcesBuildPhase;
			buildActionMask = 2147483647;
			files = (
				7AA9F9D61B9BD4AA00554EF0 /* SpeechToTextTests.swift in Sources */,
			);
			runOnlyForDeploymentPostprocessing = 0;
		};
/* End PBXSourcesBuildPhase section */

/* Begin PBXTargetDependency section */
		7AA9F9D11B9BD4AA00554EF0 /* PBXTargetDependency */ = {
			isa = PBXTargetDependency;
			target = 7AA9F9B91B9BD4AA00554EF0 /* SpeechToText */;
			targetProxy = 7AA9F9D01B9BD4AA00554EF0 /* PBXContainerItemProxy */;
		};
/* End PBXTargetDependency section */

/* Begin PBXVariantGroup section */
		7AA9F9C31B9BD4AA00554EF0 /* Main.storyboard */ = {
			isa = PBXVariantGroup;
			children = (
				7AA9F9C41B9BD4AA00554EF0 /* Base */,
			);
			name = Main.storyboard;
			sourceTree = "<group>";
		};
		7AA9F9C81B9BD4AA00554EF0 /* LaunchScreen.xib */ = {
			isa = PBXVariantGroup;
			children = (
				7AA9F9C91B9BD4AA00554EF0 /* Base */,
			);
			name = LaunchScreen.xib;
			sourceTree = "<group>";
		};
/* End PBXVariantGroup section */

/* Begin XCBuildConfiguration section */
		7AA9F9D71B9BD4AA00554EF0 /* Debug */ = {
			isa = XCBuildConfiguration;
			buildSettings = {
				ALWAYS_SEARCH_USER_PATHS = NO;
				CLANG_CXX_LANGUAGE_STANDARD = "gnu++0x";
				CLANG_CXX_LIBRARY = "libc++";
				CLANG_ENABLE_MODULES = YES;
				CLANG_ENABLE_OBJC_ARC = YES;
				CLANG_WARN_BOOL_CONVERSION = YES;
				CLANG_WARN_CONSTANT_CONVERSION = YES;
				CLANG_WARN_DIRECT_OBJC_ISA_USAGE = YES_ERROR;
				CLANG_WARN_EMPTY_BODY = YES;
				CLANG_WARN_ENUM_CONVERSION = YES;
				CLANG_WARN_INT_CONVERSION = YES;
				CLANG_WARN_OBJC_ROOT_CLASS = YES_ERROR;
				CLANG_WARN_UNREACHABLE_CODE = YES;
				CLANG_WARN__DUPLICATE_METHOD_MATCH = YES;
				"CODE_SIGN_IDENTITY[sdk=iphoneos*]" = "iPhone Developer";
				COPY_PHASE_STRIP = NO;
				DEBUG_INFORMATION_FORMAT = "dwarf-with-dsym";
				ENABLE_STRICT_OBJC_MSGSEND = YES;
				GCC_C_LANGUAGE_STANDARD = gnu99;
				GCC_DYNAMIC_NO_PIC = NO;
				GCC_NO_COMMON_BLOCKS = YES;
				GCC_OPTIMIZATION_LEVEL = 0;
				GCC_PREPROCESSOR_DEFINITIONS = (
					"DEBUG=1",
					"$(inherited)",
				);
				GCC_SYMBOLS_PRIVATE_EXTERN = NO;
				GCC_WARN_64_TO_32_BIT_CONVERSION = YES;
				GCC_WARN_ABOUT_RETURN_TYPE = YES_ERROR;
				GCC_WARN_UNDECLARED_SELECTOR = YES;
				GCC_WARN_UNINITIALIZED_AUTOS = YES_AGGRESSIVE;
				GCC_WARN_UNUSED_FUNCTION = YES;
				GCC_WARN_UNUSED_VARIABLE = YES;
				IPHONEOS_DEPLOYMENT_TARGET = 8.4;
				MTL_ENABLE_DEBUG_INFO = YES;
				ONLY_ACTIVE_ARCH = YES;
				SDKROOT = iphoneos;
				SWIFT_OPTIMIZATION_LEVEL = "-Onone";
				TARGETED_DEVICE_FAMILY = "1,2";
			};
			name = Debug;
		};
		7AA9F9D81B9BD4AA00554EF0 /* Release */ = {
			isa = XCBuildConfiguration;
			buildSettings = {
				ALWAYS_SEARCH_USER_PATHS = NO;
				CLANG_CXX_LANGUAGE_STANDARD = "gnu++0x";
				CLANG_CXX_LIBRARY = "libc++";
				CLANG_ENABLE_MODULES = YES;
				CLANG_ENABLE_OBJC_ARC = YES;
				CLANG_WARN_BOOL_CONVERSION = YES;
				CLANG_WARN_CONSTANT_CONVERSION = YES;
				CLANG_WARN_DIRECT_OBJC_ISA_USAGE = YES_ERROR;
				CLANG_WARN_EMPTY_BODY = YES;
				CLANG_WARN_ENUM_CONVERSION = YES;
				CLANG_WARN_INT_CONVERSION = YES;
				CLANG_WARN_OBJC_ROOT_CLASS = YES_ERROR;
				CLANG_WARN_UNREACHABLE_CODE = YES;
				CLANG_WARN__DUPLICATE_METHOD_MATCH = YES;
				"CODE_SIGN_IDENTITY[sdk=iphoneos*]" = "iPhone Developer";
				COPY_PHASE_STRIP = NO;
				DEBUG_INFORMATION_FORMAT = "dwarf-with-dsym";
				ENABLE_NS_ASSERTIONS = NO;
				ENABLE_STRICT_OBJC_MSGSEND = YES;
				GCC_C_LANGUAGE_STANDARD = gnu99;
				GCC_NO_COMMON_BLOCKS = YES;
				GCC_WARN_64_TO_32_BIT_CONVERSION = YES;
				GCC_WARN_ABOUT_RETURN_TYPE = YES_ERROR;
				GCC_WARN_UNDECLARED_SELECTOR = YES;
				GCC_WARN_UNINITIALIZED_AUTOS = YES_AGGRESSIVE;
				GCC_WARN_UNUSED_FUNCTION = YES;
				GCC_WARN_UNUSED_VARIABLE = YES;
				IPHONEOS_DEPLOYMENT_TARGET = 8.4;
				MTL_ENABLE_DEBUG_INFO = NO;
				SDKROOT = iphoneos;
				TARGETED_DEVICE_FAMILY = "1,2";
				VALIDATE_PRODUCT = YES;
			};
			name = Release;
		};
		7AA9F9DA1B9BD4AA00554EF0 /* Debug */ = {
			isa = XCBuildConfiguration;
			buildSettings = {
				ASSETCATALOG_COMPILER_APPICON_NAME = AppIcon;
				INFOPLIST_FILE = SpeechToText/Info.plist;
				LD_RUNPATH_SEARCH_PATHS = "$(inherited) @executable_path/Frameworks";
				PRODUCT_NAME = "$(TARGET_NAME)";
			};
			name = Debug;
		};
		7AA9F9DB1B9BD4AA00554EF0 /* Release */ = {
			isa = XCBuildConfiguration;
			buildSettings = {
				ASSETCATALOG_COMPILER_APPICON_NAME = AppIcon;
				INFOPLIST_FILE = SpeechToText/Info.plist;
				LD_RUNPATH_SEARCH_PATHS = "$(inherited) @executable_path/Frameworks";
				PRODUCT_NAME = "$(TARGET_NAME)";
			};
			name = Release;
		};
		7AA9F9DD1B9BD4AA00554EF0 /* Debug */ = {
			isa = XCBuildConfiguration;
			buildSettings = {
				BUNDLE_LOADER = "$(TEST_HOST)";
				FRAMEWORK_SEARCH_PATHS = (
					"$(SDKROOT)/Developer/Library/Frameworks",
					"$(inherited)",
				);
				GCC_PREPROCESSOR_DEFINITIONS = (
					"DEBUG=1",
					"$(inherited)",
				);
				INFOPLIST_FILE = SpeechToTextTests/Info.plist;
				LD_RUNPATH_SEARCH_PATHS = "$(inherited) @executable_path/Frameworks @loader_path/Frameworks";
				PRODUCT_NAME = "$(TARGET_NAME)";
				TEST_HOST = "$(BUILT_PRODUCTS_DIR)/SpeechToText.app/SpeechToText";
			};
			name = Debug;
		};
		7AA9F9DE1B9BD4AA00554EF0 /* Release */ = {
			isa = XCBuildConfiguration;
			buildSettings = {
				BUNDLE_LOADER = "$(TEST_HOST)";
				FRAMEWORK_SEARCH_PATHS = (
					"$(SDKROOT)/Developer/Library/Frameworks",
					"$(inherited)",
				);
				INFOPLIST_FILE = SpeechToTextTests/Info.plist;
				LD_RUNPATH_SEARCH_PATHS = "$(inherited) @executable_path/Frameworks @loader_path/Frameworks";
				PRODUCT_NAME = "$(TARGET_NAME)";
				TEST_HOST = "$(BUILT_PRODUCTS_DIR)/SpeechToText.app/SpeechToText";
			};
			name = Release;
		};
/* End XCBuildConfiguration section */

/* Begin XCConfigurationList section */
		7AA9F9B51B9BD4AA00554EF0 /* Build configuration list for PBXProject "SpeechToText" */ = {
			isa = XCConfigurationList;
			buildConfigurations = (
				7AA9F9D71B9BD4AA00554EF0 /* Debug */,
				7AA9F9D81B9BD4AA00554EF0 /* Release */,
			);
			defaultConfigurationIsVisible = 0;
			defaultConfigurationName = Release;
		};
		7AA9F9D91B9BD4AA00554EF0 /* Build configuration list for PBXNativeTarget "SpeechToText" */ = {
			isa = XCConfigurationList;
			buildConfigurations = (
				7AA9F9DA1B9BD4AA00554EF0 /* Debug */,
				7AA9F9DB1B9BD4AA00554EF0 /* Release */,
			);
			defaultConfigurationIsVisible = 0;
		};
		7AA9F9DC1B9BD4AA00554EF0 /* Build configuration list for PBXNativeTarget "SpeechToTextTests" */ = {
			isa = XCConfigurationList;
			buildConfigurations = (
				7AA9F9DD1B9BD4AA00554EF0 /* Debug */,
				7AA9F9DE1B9BD4AA00554EF0 /* Release */,
			);
			defaultConfigurationIsVisible = 0;
		};
/* End XCConfigurationList section */
	};
	rootObject = 7AA9F9B21B9BD4AA00554EF0 /* Project object */;
}
